// !$*UTF8*$!
{
	archiveVersion = 1;
	classes = {
	};
	objectVersion = 46;
	objects = {

/* Begin PBXBuildFile section */
		00E356F31AD99517003FC87E /* readingTests.m in Sources */ = {isa = PBXBuildFile; fileRef = 00E356F21AD99517003FC87E /* readingTests.m */; };
		13B07FBC1A68108700A75B9A /* AppDelegate.m in Sources */ = {isa = PBXBuildFile; fileRef = 13B07FB01A68108700A75B9A /* AppDelegate.m */; };
		13B07FBF1A68108700A75B9A /* Images.xcassets in Resources */ = {isa = PBXBuildFile; fileRef = 13B07FB51A68108700A75B9A /* Images.xcassets */; };
		13B07FC11A68108700A75B9A /* main.m in Sources */ = {isa = PBXBuildFile; fileRef = 13B07FB71A68108700A75B9A /* main.m */; };
		2D02E4BC1E0B4A80006451C7 /* AppDelegate.m in Sources */ = {isa = PBXBuildFile; fileRef = 13B07FB01A68108700A75B9A /* AppDelegate.m */; };
		2D02E4BD1E0B4A84006451C7 /* Images.xcassets in Resources */ = {isa = PBXBuildFile; fileRef = 13B07FB51A68108700A75B9A /* Images.xcassets */; };
		2D02E4BF1E0B4AB3006451C7 /* main.m in Sources */ = {isa = PBXBuildFile; fileRef = 13B07FB71A68108700A75B9A /* main.m */; };
		2DCD954D1E0B4F2C00145EB5 /* readingTests.m in Sources */ = {isa = PBXBuildFile; fileRef = 00E356F21AD99517003FC87E /* readingTests.m */; };
		4C349E0E9F08B8A295197117 /* libPods-reading-readingTests.a in Frameworks */ = {isa = PBXBuildFile; fileRef = B77FAB5EA367BF0AB003D42E /* libPods-reading-readingTests.a */; };
		5CEB5C107E99479EE1C4EA59 /* libPods-reading-tvOSTests.a in Frameworks */ = {isa = PBXBuildFile; fileRef = 4F445677F5C53745A1929912 /* libPods-reading-tvOSTests.a */; };
		78E14C8A33E09DD6F5D0D2E2 /* libPods-reading.a in Frameworks */ = {isa = PBXBuildFile; fileRef = 6876EDAD233A875A56C04CFF /* libPods-reading.a */; };
		81AB9BB82411601600AC10FF /* LaunchScreen.storyboard in Resources */ = {isa = PBXBuildFile; fileRef = 81AB9BB72411601600AC10FF /* LaunchScreen.storyboard */; };
		836D103CFB42CF5FFD2462F9 /* libPods-reading-tvOS.a in Frameworks */ = {isa = PBXBuildFile; fileRef = 095C3CB87CB2CA22747C574C /* libPods-reading-tvOS.a */; };
		895BC03425B523B800E015CC /* RNTPageView.swift in Sources */ = {isa = PBXBuildFile; fileRef = 895BC03325B523B800E015CC /* RNTPageView.swift */; };
		895BC03A25B5240900E015CC /* RNTPageViewManager.swift in Sources */ = {isa = PBXBuildFile; fileRef = 895BC03925B5240900E015CC /* RNTPageViewManager.swift */; };
		895BC04025B5242100E015CC /* RNTPageViewBridge.m in Sources */ = {isa = PBXBuildFile; fileRef = 895BC03F25B5242100E015CC /* RNTPageViewBridge.m */; };
		895BC04625B54E8B00E015CC /* RNTLocationManager.m in Sources */ = {isa = PBXBuildFile; fileRef = 895BC04525B54E8B00E015CC /* RNTLocationManager.m */; };
		8971AD6E25C2520400D29E28 /* RNTMarker.m in Sources */ = {isa = PBXBuildFile; fileRef = 8971AD6D25C2520400D29E28 /* RNTMarker.m */; };
		8971AD7425C2522600D29E28 /* RNTMarkerManager.m in Sources */ = {isa = PBXBuildFile; fileRef = 8971AD7325C2522600D29E28 /* RNTMarkerManager.m */; };
		8971AD8425C2AFFF00D29E28 /* RNTUserLocation.m in Sources */ = {isa = PBXBuildFile; fileRef = 8971AD8325C2AFFF00D29E28 /* RNTUserLocation.m */; };
		8971AD8B25C2B90600D29E28 /* RNTOverlay.m in Sources */ = {isa = PBXBuildFile; fileRef = 8971AD8A25C2B90600D29E28 /* RNTOverlay.m */; };
		8971AD9225C2BFA400D29E28 /* RNTPolyline.m in Sources */ = {isa = PBXBuildFile; fileRef = 8971AD9125C2BFA400D29E28 /* RNTPolyline.m */; };
		8971AD9825C2C0E000D29E28 /* RNTPolylineManager.m in Sources */ = {isa = PBXBuildFile; fileRef = 8971AD9725C2C0E000D29E28 /* RNTPolylineManager.m */; };
		8972BCEE25C79B8900AD4259 /* RNTGradientPolyline.m in Sources */ = {isa = PBXBuildFile; fileRef = 8972BCED25C79B8900AD4259 /* RNTGradientPolyline.m */; };
		8972BCF525C79C1B00AD4259 /* RNTGradientPolylineRenderer.m in Sources */ = {isa = PBXBuildFile; fileRef = 8972BCF425C79C1B00AD4259 /* RNTGradientPolylineRenderer.m */; };
		8972BCFC25C7F1DE00AD4259 /* RNTPolygon.m in Sources */ = {isa = PBXBuildFile; fileRef = 8972BCFB25C7F1DD00AD4259 /* RNTPolygon.m */; };
		8972BD0225C7F37600AD4259 /* RNTPolygonManager.m in Sources */ = {isa = PBXBuildFile; fileRef = 8972BD0125C7F37600AD4259 /* RNTPolygonManager.m */; };
		8972BD0925C7F8EA00AD4259 /* RNTCircle.m in Sources */ = {isa = PBXBuildFile; fileRef = 8972BD0825C7F8EA00AD4259 /* RNTCircle.m */; };
		8972BD0F25C7F9AA00AD4259 /* RNTCircleManager.m in Sources */ = {isa = PBXBuildFile; fileRef = 8972BD0E25C7F9AA00AD4259 /* RNTCircleManager.m */; };
		8972BD1625C7FBA900AD4259 /* RNTHeatMap.m in Sources */ = {isa = PBXBuildFile; fileRef = 8972BD1525C7FBA900AD4259 /* RNTHeatMap.m */; };
		8972BD1C25C7FC1800AD4259 /* RNTHeatMapManager.m in Sources */ = {isa = PBXBuildFile; fileRef = 8972BD1B25C7FC1800AD4259 /* RNTHeatMapManager.m */; };
		8972BD2325C7FEDA00AD4259 /* RNTCallout.m in Sources */ = {isa = PBXBuildFile; fileRef = 8972BD2225C7FEDA00AD4259 /* RNTCallout.m */; };
		8972BD2925C7FF0F00AD4259 /* RNTCalloutManager.m in Sources */ = {isa = PBXBuildFile; fileRef = 8972BD2825C7FF0F00AD4259 /* RNTCalloutManager.m */; };
		8985DD4E25B142CC0003C530 /* RNTTableView.swift in Sources */ = {isa = PBXBuildFile; fileRef = 8985DD4D25B142CC0003C530 /* RNTTableView.swift */; };
		8985DD5525B15A7E0003C530 /* RNTTableViewBridge.m in Sources */ = {isa = PBXBuildFile; fileRef = 8985DD5425B15A7E0003C530 /* RNTTableViewBridge.m */; };
		8985DD5B25B15AE00003C530 /* RNTTableViewManager.swift in Sources */ = {isa = PBXBuildFile; fileRef = 8985DD5A25B15AE00003C530 /* RNTTableViewManager.swift */; };
		89AF95C825BE63780039470C /* RNTInitializerModule.m in Sources */ = {isa = PBXBuildFile; fileRef = 89AF95C725BE63780039470C /* RNTInitializerModule.m */; };
		89AF95CF25BE67000039470C /* RNTMapView.m in Sources */ = {isa = PBXBuildFile; fileRef = 89AF95CE25BE67000039470C /* RNTMapView.m */; };
		89AF95D525BE678C0039470C /* RNTMapViewManager.m in Sources */ = {isa = PBXBuildFile; fileRef = 89AF95D425BE678C0039470C /* RNTMapViewManager.m */; };
		89B8382825C14A2C00F4E032 /* RNTCoordinate.m in Sources */ = {isa = PBXBuildFile; fileRef = 89B8382725C14A2C00F4E032 /* RNTCoordinate.m */; };
		89B8385525C171AD00F4E032 /* RCTConvert+Map.m in Sources */ = {isa = PBXBuildFile; fileRef = 89B8385425C171AD00F4E032 /* RCTConvert+Map.m */; };
		89C9206925ABF7FC0074090D /* RNTScrollView.m in Sources */ = {isa = PBXBuildFile; fileRef = 89C9206825ABF7FC0074090D /* RNTScrollView.m */; };
		89C9206F25ABFAE40074090D /* RNTScrollViewManager.m in Sources */ = {isa = PBXBuildFile; fileRef = 89C9206E25ABFAE40074090D /* RNTScrollViewManager.m */; };
		89E3DD7C25C4110F00846BC7 /* map_replay_endPoint@2x.png in Resources */ = {isa = PBXBuildFile; fileRef = 89E3DD7425C4110E00846BC7 /* map_replay_endPoint@2x.png */; };
		89E3DD7D25C4110F00846BC7 /* map_replay_pause@2x.png in Resources */ = {isa = PBXBuildFile; fileRef = 89E3DD7525C4110F00846BC7 /* map_replay_pause@2x.png */; };
		89E3DD7E25C4111000846BC7 /* map_replay_startPoint@2x.png in Resources */ = {isa = PBXBuildFile; fileRef = 89E3DD7625C4110F00846BC7 /* map_replay_startPoint@2x.png */; };
		89E3DD7F25C4111000846BC7 /* map_replay_startPoint@3x.png in Resources */ = {isa = PBXBuildFile; fileRef = 89E3DD7725C4110F00846BC7 /* map_replay_startPoint@3x.png */; };
		89E3DD8025C4111000846BC7 /* map_replay_pause@3x.png in Resources */ = {isa = PBXBuildFile; fileRef = 89E3DD7825C4110F00846BC7 /* map_replay_pause@3x.png */; };
		89E3DD8125C4111000846BC7 /* map_replay_play@2x.png in Resources */ = {isa = PBXBuildFile; fileRef = 89E3DD7925C4110F00846BC7 /* map_replay_play@2x.png */; };
		89E3DD8225C4111000846BC7 /* map_replay_endPoint@3x.png in Resources */ = {isa = PBXBuildFile; fileRef = 89E3DD7A25C4110F00846BC7 /* map_replay_endPoint@3x.png */; };
		89E3DD8325C4111000846BC7 /* map_replay_play@3x.png in Resources */ = {isa = PBXBuildFile; fileRef = 89E3DD7B25C4110F00846BC7 /* map_replay_play@3x.png */; };
/* End PBXBuildFile section */

/* Begin PBXContainerItemProxy section */
		00E356F41AD99517003FC87E /* PBXContainerItemProxy */ = {
			isa = PBXContainerItemProxy;
			containerPortal = 83CBB9F71A601CBA00E9B192 /* Project object */;
			proxyType = 1;
			remoteGlobalIDString = 13B07F861A680F5B00A75B9A;
			remoteInfo = reading;
		};
		2D02E4911E0B4A5D006451C7 /* PBXContainerItemProxy */ = {
			isa = PBXContainerItemProxy;
			containerPortal = 83CBB9F71A601CBA00E9B192 /* Project object */;
			proxyType = 1;
			remoteGlobalIDString = 2D02E47A1E0B4A5D006451C7;
			remoteInfo = "reading-tvOS";
		};
/* End PBXContainerItemProxy section */

/* Begin PBXFileReference section */
		008F07F21AC5B25A0029DE68 /* main.jsbundle */ = {isa = PBXFileReference; fileEncoding = 4; lastKnownFileType = text; path = main.jsbundle; sourceTree = "<group>"; };
		00E356EE1AD99517003FC87E /* readingTests.xctest */ = {isa = PBXFileReference; explicitFileType = wrapper.cfbundle; includeInIndex = 0; path = readingTests.xctest; sourceTree = BUILT_PRODUCTS_DIR; };
		00E356F11AD99517003FC87E /* Info.plist */ = {isa = PBXFileReference; lastKnownFileType = text.plist.xml; path = Info.plist; sourceTree = "<group>"; };
		00E356F21AD99517003FC87E /* readingTests.m */ = {isa = PBXFileReference; lastKnownFileType = sourcecode.c.objc; path = readingTests.m; sourceTree = "<group>"; };
		095C3CB87CB2CA22747C574C /* libPods-reading-tvOS.a */ = {isa = PBXFileReference; explicitFileType = archive.ar; includeInIndex = 0; path = "libPods-reading-tvOS.a"; sourceTree = BUILT_PRODUCTS_DIR; };
		0D9D753E4C5EE5242CC6EEDB /* Pods-reading-tvOS.debug.xcconfig */ = {isa = PBXFileReference; includeInIndex = 1; lastKnownFileType = text.xcconfig; name = "Pods-reading-tvOS.debug.xcconfig"; path = "Target Support Files/Pods-reading-tvOS/Pods-reading-tvOS.debug.xcconfig"; sourceTree = "<group>"; };
		13B07F961A680F5B00A75B9A /* reading.app */ = {isa = PBXFileReference; explicitFileType = wrapper.application; includeInIndex = 0; path = reading.app; sourceTree = BUILT_PRODUCTS_DIR; };
		13B07FAF1A68108700A75B9A /* AppDelegate.h */ = {isa = PBXFileReference; fileEncoding = 4; lastKnownFileType = sourcecode.c.h; name = AppDelegate.h; path = reading/AppDelegate.h; sourceTree = "<group>"; };
		13B07FB01A68108700A75B9A /* AppDelegate.m */ = {isa = PBXFileReference; fileEncoding = 4; lastKnownFileType = sourcecode.c.objc; name = AppDelegate.m; path = reading/AppDelegate.m; sourceTree = "<group>"; };
		13B07FB51A68108700A75B9A /* Images.xcassets */ = {isa = PBXFileReference; lastKnownFileType = folder.assetcatalog; name = Images.xcassets; path = reading/Images.xcassets; sourceTree = "<group>"; };
		13B07FB61A68108700A75B9A /* Info.plist */ = {isa = PBXFileReference; fileEncoding = 4; lastKnownFileType = text.plist.xml; name = Info.plist; path = reading/Info.plist; sourceTree = "<group>"; };
		13B07FB71A68108700A75B9A /* main.m */ = {isa = PBXFileReference; fileEncoding = 4; lastKnownFileType = sourcecode.c.objc; name = main.m; path = reading/main.m; sourceTree = "<group>"; };
		2D02E47B1E0B4A5D006451C7 /* reading-tvOS.app */ = {isa = PBXFileReference; explicitFileType = wrapper.application; includeInIndex = 0; path = "reading-tvOS.app"; sourceTree = BUILT_PRODUCTS_DIR; };
		2D02E4901E0B4A5D006451C7 /* reading-tvOSTests.xctest */ = {isa = PBXFileReference; explicitFileType = wrapper.cfbundle; includeInIndex = 0; path = "reading-tvOSTests.xctest"; sourceTree = BUILT_PRODUCTS_DIR; };
		3A059BE14E76302429A654BB /* Pods-reading-tvOSTests.debug.xcconfig */ = {isa = PBXFileReference; includeInIndex = 1; lastKnownFileType = text.xcconfig; name = "Pods-reading-tvOSTests.debug.xcconfig"; path = "Target Support Files/Pods-reading-tvOSTests/Pods-reading-tvOSTests.debug.xcconfig"; sourceTree = "<group>"; };
		3EA66A73D0AE9FCB1FC83D2D /* Pods-reading-tvOSTests.release.xcconfig */ = {isa = PBXFileReference; includeInIndex = 1; lastKnownFileType = text.xcconfig; name = "Pods-reading-tvOSTests.release.xcconfig"; path = "Target Support Files/Pods-reading-tvOSTests/Pods-reading-tvOSTests.release.xcconfig"; sourceTree = "<group>"; };
		4F445677F5C53745A1929912 /* libPods-reading-tvOSTests.a */ = {isa = PBXFileReference; explicitFileType = archive.ar; includeInIndex = 0; path = "libPods-reading-tvOSTests.a"; sourceTree = BUILT_PRODUCTS_DIR; };
		57446810A6D11EB7FE3781FD /* Pods-reading.release.xcconfig */ = {isa = PBXFileReference; includeInIndex = 1; lastKnownFileType = text.xcconfig; name = "Pods-reading.release.xcconfig"; path = "Target Support Files/Pods-reading/Pods-reading.release.xcconfig"; sourceTree = "<group>"; };
		6876EDAD233A875A56C04CFF /* libPods-reading.a */ = {isa = PBXFileReference; explicitFileType = archive.ar; includeInIndex = 0; path = "libPods-reading.a"; sourceTree = BUILT_PRODUCTS_DIR; };
		81AB9BB72411601600AC10FF /* LaunchScreen.storyboard */ = {isa = PBXFileReference; fileEncoding = 4; lastKnownFileType = file.storyboard; name = LaunchScreen.storyboard; path = reading/LaunchScreen.storyboard; sourceTree = "<group>"; };
		84C2D4A5AE712CCC376E5734 /* Pods-reading-readingTests.release.xcconfig */ = {isa = PBXFileReference; includeInIndex = 1; lastKnownFileType = text.xcconfig; name = "Pods-reading-readingTests.release.xcconfig"; path = "Target Support Files/Pods-reading-readingTests/Pods-reading-readingTests.release.xcconfig"; sourceTree = "<group>"; };
		891E4FDD25A3FF1000764192 /* FontAwesome5_Regular.ttf */ = {isa = PBXFileReference; lastKnownFileType = file; name = FontAwesome5_Regular.ttf; path = "../../node_modules/react-native-vector-icons/Fonts/FontAwesome5_Regular.ttf"; sourceTree = "<group>"; };
		891E4FDE25A3FF1000764192 /* FontAwesome5_Solid.ttf */ = {isa = PBXFileReference; lastKnownFileType = file; name = FontAwesome5_Solid.ttf; path = "../../node_modules/react-native-vector-icons/Fonts/FontAwesome5_Solid.ttf"; sourceTree = "<group>"; };
		891E4FDF25A3FF1000764192 /* FontAwesome.ttf */ = {isa = PBXFileReference; lastKnownFileType = file; name = FontAwesome.ttf; path = "../../node_modules/react-native-vector-icons/Fonts/FontAwesome.ttf"; sourceTree = "<group>"; };
		891E4FE025A3FF1000764192 /* MaterialIcons.ttf */ = {isa = PBXFileReference; lastKnownFileType = file; name = MaterialIcons.ttf; path = "../../node_modules/react-native-vector-icons/Fonts/MaterialIcons.ttf"; sourceTree = "<group>"; };
		891E4FE125A3FF1000764192 /* EvilIcons.ttf */ = {isa = PBXFileReference; lastKnownFileType = file; name = EvilIcons.ttf; path = "../../node_modules/react-native-vector-icons/Fonts/EvilIcons.ttf"; sourceTree = "<group>"; };
		891E4FE225A3FF1100764192 /* Foundation.ttf */ = {isa = PBXFileReference; lastKnownFileType = file; name = Foundation.ttf; path = "../../node_modules/react-native-vector-icons/Fonts/Foundation.ttf"; sourceTree = "<group>"; };
		891E4FE325A3FF1100764192 /* FontAwesome5_Brands.ttf */ = {isa = PBXFileReference; lastKnownFileType = file; name = FontAwesome5_Brands.ttf; path = "../../node_modules/react-native-vector-icons/Fonts/FontAwesome5_Brands.ttf"; sourceTree = "<group>"; };
		891E4FE425A3FF1100764192 /* Feather.ttf */ = {isa = PBXFileReference; lastKnownFileType = file; name = Feather.ttf; path = "../../node_modules/react-native-vector-icons/Fonts/Feather.ttf"; sourceTree = "<group>"; };
		891E4FE525A3FF1100764192 /* Entypo.ttf */ = {isa = PBXFileReference; lastKnownFileType = file; name = Entypo.ttf; path = "../../node_modules/react-native-vector-icons/Fonts/Entypo.ttf"; sourceTree = "<group>"; };
		891E4FE625A3FF1100764192 /* MaterialCommunityIcons.ttf */ = {isa = PBXFileReference; lastKnownFileType = file; name = MaterialCommunityIcons.ttf; path = "../../node_modules/react-native-vector-icons/Fonts/MaterialCommunityIcons.ttf"; sourceTree = "<group>"; };
		891E4FE725A3FF1100764192 /* Fontisto.ttf */ = {isa = PBXFileReference; lastKnownFileType = file; name = Fontisto.ttf; path = "../../node_modules/react-native-vector-icons/Fonts/Fontisto.ttf"; sourceTree = "<group>"; };
		891E4FE825A3FF1100764192 /* SimpleLineIcons.ttf */ = {isa = PBXFileReference; lastKnownFileType = file; name = SimpleLineIcons.ttf; path = "../../node_modules/react-native-vector-icons/Fonts/SimpleLineIcons.ttf"; sourceTree = "<group>"; };
		891E4FE925A3FF1200764192 /* Zocial.ttf */ = {isa = PBXFileReference; lastKnownFileType = file; name = Zocial.ttf; path = "../../node_modules/react-native-vector-icons/Fonts/Zocial.ttf"; sourceTree = "<group>"; };
		891E4FEA25A3FF1200764192 /* Ionicons.ttf */ = {isa = PBXFileReference; lastKnownFileType = file; name = Ionicons.ttf; path = "../../node_modules/react-native-vector-icons/Fonts/Ionicons.ttf"; sourceTree = "<group>"; };
		891E4FEB25A3FF1200764192 /* AntDesign.ttf */ = {isa = PBXFileReference; lastKnownFileType = file; name = AntDesign.ttf; path = "../../node_modules/react-native-vector-icons/Fonts/AntDesign.ttf"; sourceTree = "<group>"; };
		891E4FEC25A3FF1200764192 /* Octicons.ttf */ = {isa = PBXFileReference; lastKnownFileType = file; name = Octicons.ttf; path = "../../node_modules/react-native-vector-icons/Fonts/Octicons.ttf"; sourceTree = "<group>"; };
		895BC03325B523B800E015CC /* RNTPageView.swift */ = {isa = PBXFileReference; lastKnownFileType = sourcecode.swift; path = RNTPageView.swift; sourceTree = "<group>"; };
		895BC03925B5240900E015CC /* RNTPageViewManager.swift */ = {isa = PBXFileReference; lastKnownFileType = sourcecode.swift; path = RNTPageViewManager.swift; sourceTree = "<group>"; };
		895BC03F25B5242100E015CC /* RNTPageViewBridge.m */ = {isa = PBXFileReference; lastKnownFileType = sourcecode.c.objc; path = RNTPageViewBridge.m; sourceTree = "<group>"; };
		895BC04525B54E8B00E015CC /* RNTLocationManager.m */ = {isa = PBXFileReference; lastKnownFileType = sourcecode.c.objc; path = RNTLocationManager.m; sourceTree = "<group>"; };
		8971AD6C25C2520400D29E28 /* RNTMarker.h */ = {isa = PBXFileReference; lastKnownFileType = sourcecode.c.h; path = RNTMarker.h; sourceTree = "<group>"; };
		8971AD6D25C2520400D29E28 /* RNTMarker.m */ = {isa = PBXFileReference; lastKnownFileType = sourcecode.c.objc; path = RNTMarker.m; sourceTree = "<group>"; };
		8971AD7325C2522600D29E28 /* RNTMarkerManager.m */ = {isa = PBXFileReference; lastKnownFileType = sourcecode.c.objc; path = RNTMarkerManager.m; sourceTree = "<group>"; };
		8971AD8225C2AFFF00D29E28 /* RNTUserLocation.h */ = {isa = PBXFileReference; lastKnownFileType = sourcecode.c.h; path = RNTUserLocation.h; sourceTree = "<group>"; };
		8971AD8325C2AFFF00D29E28 /* RNTUserLocation.m */ = {isa = PBXFileReference; lastKnownFileType = sourcecode.c.objc; path = RNTUserLocation.m; sourceTree = "<group>"; };
		8971AD8925C2B90600D29E28 /* RNTOverlay.h */ = {isa = PBXFileReference; lastKnownFileType = sourcecode.c.h; path = RNTOverlay.h; sourceTree = "<group>"; };
		8971AD8A25C2B90600D29E28 /* RNTOverlay.m */ = {isa = PBXFileReference; lastKnownFileType = sourcecode.c.objc; path = RNTOverlay.m; sourceTree = "<group>"; };
		8971AD9025C2BFA400D29E28 /* RNTPolyline.h */ = {isa = PBXFileReference; lastKnownFileType = sourcecode.c.h; path = RNTPolyline.h; sourceTree = "<group>"; };
		8971AD9125C2BFA400D29E28 /* RNTPolyline.m */ = {isa = PBXFileReference; lastKnownFileType = sourcecode.c.objc; path = RNTPolyline.m; sourceTree = "<group>"; };
		8971AD9725C2C0E000D29E28 /* RNTPolylineManager.m */ = {isa = PBXFileReference; lastKnownFileType = sourcecode.c.objc; path = RNTPolylineManager.m; sourceTree = "<group>"; };
		8972BCEC25C79B8900AD4259 /* RNTGradientPolyline.h */ = {isa = PBXFileReference; lastKnownFileType = sourcecode.c.h; path = RNTGradientPolyline.h; sourceTree = "<group>"; };
		8972BCED25C79B8900AD4259 /* RNTGradientPolyline.m */ = {isa = PBXFileReference; lastKnownFileType = sourcecode.c.objc; path = RNTGradientPolyline.m; sourceTree = "<group>"; };
		8972BCF325C79C1B00AD4259 /* RNTGradientPolylineRenderer.h */ = {isa = PBXFileReference; lastKnownFileType = sourcecode.c.h; path = RNTGradientPolylineRenderer.h; sourceTree = "<group>"; };
		8972BCF425C79C1B00AD4259 /* RNTGradientPolylineRenderer.m */ = {isa = PBXFileReference; lastKnownFileType = sourcecode.c.objc; path = RNTGradientPolylineRenderer.m; sourceTree = "<group>"; };
		8972BCFA25C7F1DD00AD4259 /* RNTPolygon.h */ = {isa = PBXFileReference; lastKnownFileType = sourcecode.c.h; path = RNTPolygon.h; sourceTree = "<group>"; };
		8972BCFB25C7F1DD00AD4259 /* RNTPolygon.m */ = {isa = PBXFileReference; lastKnownFileType = sourcecode.c.objc; path = RNTPolygon.m; sourceTree = "<group>"; };
		8972BD0125C7F37600AD4259 /* RNTPolygonManager.m */ = {isa = PBXFileReference; lastKnownFileType = sourcecode.c.objc; path = RNTPolygonManager.m; sourceTree = "<group>"; };
		8972BD0725C7F8EA00AD4259 /* RNTCircle.h */ = {isa = PBXFileReference; lastKnownFileType = sourcecode.c.h; path = RNTCircle.h; sourceTree = "<group>"; };
		8972BD0825C7F8EA00AD4259 /* RNTCircle.m */ = {isa = PBXFileReference; lastKnownFileType = sourcecode.c.objc; path = RNTCircle.m; sourceTree = "<group>"; };
		8972BD0E25C7F9AA00AD4259 /* RNTCircleManager.m */ = {isa = PBXFileReference; lastKnownFileType = sourcecode.c.objc; path = RNTCircleManager.m; sourceTree = "<group>"; };
		8972BD1425C7FBA900AD4259 /* RNTHeatMap.h */ = {isa = PBXFileReference; lastKnownFileType = sourcecode.c.h; path = RNTHeatMap.h; sourceTree = "<group>"; };
		8972BD1525C7FBA900AD4259 /* RNTHeatMap.m */ = {isa = PBXFileReference; lastKnownFileType = sourcecode.c.objc; path = RNTHeatMap.m; sourceTree = "<group>"; };
		8972BD1B25C7FC1800AD4259 /* RNTHeatMapManager.m */ = {isa = PBXFileReference; lastKnownFileType = sourcecode.c.objc; path = RNTHeatMapManager.m; sourceTree = "<group>"; };
		8972BD2125C7FEDA00AD4259 /* RNTCallout.h */ = {isa = PBXFileReference; lastKnownFileType = sourcecode.c.h; path = RNTCallout.h; sourceTree = "<group>"; };
		8972BD2225C7FEDA00AD4259 /* RNTCallout.m */ = {isa = PBXFileReference; lastKnownFileType = sourcecode.c.objc; path = RNTCallout.m; sourceTree = "<group>"; };
		8972BD2825C7FF0F00AD4259 /* RNTCalloutManager.m */ = {isa = PBXFileReference; lastKnownFileType = sourcecode.c.objc; path = RNTCalloutManager.m; sourceTree = "<group>"; };
		8985DD4D25B142CC0003C530 /* RNTTableView.swift */ = {isa = PBXFileReference; lastKnownFileType = sourcecode.swift; path = RNTTableView.swift; sourceTree = "<group>"; };
		8985DD5425B15A7E0003C530 /* RNTTableViewBridge.m */ = {isa = PBXFileReference; lastKnownFileType = sourcecode.c.objc; path = RNTTableViewBridge.m; sourceTree = "<group>"; };
		8985DD5A25B15AE00003C530 /* RNTTableViewManager.swift */ = {isa = PBXFileReference; lastKnownFileType = sourcecode.swift; path = RNTTableViewManager.swift; sourceTree = "<group>"; };
		8985DD6025B174F30003C530 /* reading-Bridging-Header.h */ = {isa = PBXFileReference; fileEncoding = 4; lastKnownFileType = sourcecode.c.h; name = "reading-Bridging-Header.h"; path = "reading/reading-Bridging-Header.h"; sourceTree = "<group>"; };
		89AF95C725BE63780039470C /* RNTInitializerModule.m */ = {isa = PBXFileReference; lastKnownFileType = sourcecode.c.objc; path = RNTInitializerModule.m; sourceTree = "<group>"; };
		89AF95CD25BE67000039470C /* RNTMapView.h */ = {isa = PBXFileReference; lastKnownFileType = sourcecode.c.h; path = RNTMapView.h; sourceTree = "<group>"; };
		89AF95CE25BE67000039470C /* RNTMapView.m */ = {isa = PBXFileReference; lastKnownFileType = sourcecode.c.objc; path = RNTMapView.m; sourceTree = "<group>"; };
		89AF95D425BE678C0039470C /* RNTMapViewManager.m */ = {isa = PBXFileReference; lastKnownFileType = sourcecode.c.objc; path = RNTMapViewManager.m; sourceTree = "<group>"; };
		89B8382625C14A2C00F4E032 /* RNTCoordinate.h */ = {isa = PBXFileReference; lastKnownFileType = sourcecode.c.h; path = RNTCoordinate.h; sourceTree = "<group>"; };
		89B8382725C14A2C00F4E032 /* RNTCoordinate.m */ = {isa = PBXFileReference; lastKnownFileType = sourcecode.c.objc; path = RNTCoordinate.m; sourceTree = "<group>"; };
		89B8385425C171AD00F4E032 /* RCTConvert+Map.m */ = {isa = PBXFileReference; lastKnownFileType = sourcecode.c.objc; path = "RCTConvert+Map.m"; sourceTree = "<group>"; };
		89C9206725ABF7FC0074090D /* RNTScrollView.h */ = {isa = PBXFileReference; lastKnownFileType = sourcecode.c.h; path = RNTScrollView.h; sourceTree = "<group>"; };
		89C9206825ABF7FC0074090D /* RNTScrollView.m */ = {isa = PBXFileReference; lastKnownFileType = sourcecode.c.objc; path = RNTScrollView.m; sourceTree = "<group>"; };
		89C9206E25ABFAE40074090D /* RNTScrollViewManager.m */ = {isa = PBXFileReference; lastKnownFileType = sourcecode.c.objc; path = RNTScrollViewManager.m; sourceTree = "<group>"; };
		89E3DD7425C4110E00846BC7 /* map_replay_endPoint@2x.png */ = {isa = PBXFileReference; lastKnownFileType = image.png; path = "map_replay_endPoint@2x.png"; sourceTree = "<group>"; };
		89E3DD7525C4110F00846BC7 /* map_replay_pause@2x.png */ = {isa = PBXFileReference; lastKnownFileType = image.png; path = "map_replay_pause@2x.png"; sourceTree = "<group>"; };
		89E3DD7625C4110F00846BC7 /* map_replay_startPoint@2x.png */ = {isa = PBXFileReference; lastKnownFileType = image.png; path = "map_replay_startPoint@2x.png"; sourceTree = "<group>"; };
		89E3DD7725C4110F00846BC7 /* map_replay_startPoint@3x.png */ = {isa = PBXFileReference; lastKnownFileType = image.png; path = "map_replay_startPoint@3x.png"; sourceTree = "<group>"; };
		89E3DD7825C4110F00846BC7 /* map_replay_pause@3x.png */ = {isa = PBXFileReference; lastKnownFileType = image.png; path = "map_replay_pause@3x.png"; sourceTree = "<group>"; };
		89E3DD7925C4110F00846BC7 /* map_replay_play@2x.png */ = {isa = PBXFileReference; lastKnownFileType = image.png; path = "map_replay_play@2x.png"; sourceTree = "<group>"; };
		89E3DD7A25C4110F00846BC7 /* map_replay_endPoint@3x.png */ = {isa = PBXFileReference; lastKnownFileType = image.png; path = "map_replay_endPoint@3x.png"; sourceTree = "<group>"; };
		89E3DD7B25C4110F00846BC7 /* map_replay_play@3x.png */ = {isa = PBXFileReference; lastKnownFileType = image.png; path = "map_replay_play@3x.png"; sourceTree = "<group>"; };
		AC05ACFE81BDB79450C07C15 /* Pods-reading-readingTests.debug.xcconfig */ = {isa = PBXFileReference; includeInIndex = 1; lastKnownFileType = text.xcconfig; name = "Pods-reading-readingTests.debug.xcconfig"; path = "Target Support Files/Pods-reading-readingTests/Pods-reading-readingTests.debug.xcconfig"; sourceTree = "<group>"; };
		B0941DD68A0777F7FE035F30 /* Pods-reading.debug.xcconfig */ = {isa = PBXFileReference; includeInIndex = 1; lastKnownFileType = text.xcconfig; name = "Pods-reading.debug.xcconfig"; path = "Target Support Files/Pods-reading/Pods-reading.debug.xcconfig"; sourceTree = "<group>"; };
		B77FAB5EA367BF0AB003D42E /* libPods-reading-readingTests.a */ = {isa = PBXFileReference; explicitFileType = archive.ar; includeInIndex = 0; path = "libPods-reading-readingTests.a"; sourceTree = BUILT_PRODUCTS_DIR; };
		EC5417DBF9513D10040AB8B7 /* Pods-reading-tvOS.release.xcconfig */ = {isa = PBXFileReference; includeInIndex = 1; lastKnownFileType = text.xcconfig; name = "Pods-reading-tvOS.release.xcconfig"; path = "Target Support Files/Pods-reading-tvOS/Pods-reading-tvOS.release.xcconfig"; sourceTree = "<group>"; };
		ED297162215061F000B7C4FE /* JavaScriptCore.framework */ = {isa = PBXFileReference; lastKnownFileType = wrapper.framework; name = JavaScriptCore.framework; path = System/Library/Frameworks/JavaScriptCore.framework; sourceTree = SDKROOT; };
		ED2971642150620600B7C4FE /* JavaScriptCore.framework */ = {isa = PBXFileReference; lastKnownFileType = wrapper.framework; name = JavaScriptCore.framework; path = Platforms/AppleTVOS.platform/Developer/SDKs/AppleTVOS12.0.sdk/System/Library/Frameworks/JavaScriptCore.framework; sourceTree = DEVELOPER_DIR; };
/* End PBXFileReference section */

/* Begin PBXFrameworksBuildPhase section */
		00E356EB1AD99517003FC87E /* Frameworks */ = {
			isa = PBXFrameworksBuildPhase;
			buildActionMask = 2147483647;
			files = (
				4C349E0E9F08B8A295197117 /* libPods-reading-readingTests.a in Frameworks */,
			);
			runOnlyForDeploymentPostprocessing = 0;
		};
		13B07F8C1A680F5B00A75B9A /* Frameworks */ = {
			isa = PBXFrameworksBuildPhase;
			buildActionMask = 2147483647;
			files = (
				78E14C8A33E09DD6F5D0D2E2 /* libPods-reading.a in Frameworks */,
			);
			runOnlyForDeploymentPostprocessing = 0;
		};
		2D02E4781E0B4A5D006451C7 /* Frameworks */ = {
			isa = PBXFrameworksBuildPhase;
			buildActionMask = 2147483647;
			files = (
				836D103CFB42CF5FFD2462F9 /* libPods-reading-tvOS.a in Frameworks */,
			);
			runOnlyForDeploymentPostprocessing = 0;
		};
		2D02E48D1E0B4A5D006451C7 /* Frameworks */ = {
			isa = PBXFrameworksBuildPhase;
			buildActionMask = 2147483647;
			files = (
				5CEB5C107E99479EE1C4EA59 /* libPods-reading-tvOSTests.a in Frameworks */,
			);
			runOnlyForDeploymentPostprocessing = 0;
		};
/* End PBXFrameworksBuildPhase section */

/* Begin PBXGroup section */
		00E356EF1AD99517003FC87E /* readingTests */ = {
			isa = PBXGroup;
			children = (
				00E356F21AD99517003FC87E /* readingTests.m */,
				00E356F01AD99517003FC87E /* Supporting Files */,
			);
			path = readingTests;
			sourceTree = "<group>";
		};
		00E356F01AD99517003FC87E /* Supporting Files */ = {
			isa = PBXGroup;
			children = (
				00E356F11AD99517003FC87E /* Info.plist */,
			);
			name = "Supporting Files";
			sourceTree = "<group>";
		};
		03EB235725A5EABF00CC430E /* Module */ = {
			isa = PBXGroup;
			children = (
				895BC03225B5230600E015CC /* RNTPageView */,
				8985DD4B25B142150003C530 /* RNTTableView */,
				89C9201C25ABF27E0074090D /* RNTScrollView */,
				898AFA6425A6FF5200DF9EAB /* RNTMapkit */,
			);
			name = Module;
			path = reading/Module;
			sourceTree = "<group>";
		};
		13B07FAE1A68108700A75B9A /* reading */ = {
			isa = PBXGroup;
			children = (
				03EB235725A5EABF00CC430E /* Module */,
				008F07F21AC5B25A0029DE68 /* main.jsbundle */,
				13B07FAF1A68108700A75B9A /* AppDelegate.h */,
				13B07FB01A68108700A75B9A /* AppDelegate.m */,
				13B07FB51A68108700A75B9A /* Images.xcassets */,
				13B07FB61A68108700A75B9A /* Info.plist */,
				81AB9BB72411601600AC10FF /* LaunchScreen.storyboard */,
				13B07FB71A68108700A75B9A /* main.m */,
				8985DD6025B174F30003C530 /* reading-Bridging-Header.h */,
			);
			name = reading;
			sourceTree = "<group>";
		};
		2D16E6871FA4F8E400B85C8A /* Frameworks */ = {
			isa = PBXGroup;
			children = (
				ED297162215061F000B7C4FE /* JavaScriptCore.framework */,
				ED2971642150620600B7C4FE /* JavaScriptCore.framework */,
				6876EDAD233A875A56C04CFF /* libPods-reading.a */,
				B77FAB5EA367BF0AB003D42E /* libPods-reading-readingTests.a */,
				095C3CB87CB2CA22747C574C /* libPods-reading-tvOS.a */,
				4F445677F5C53745A1929912 /* libPods-reading-tvOSTests.a */,
			);
			name = Frameworks;
			sourceTree = "<group>";
		};
		328D83F633322048BA0FEB2E /* Pods */ = {
			isa = PBXGroup;
			children = (
				B0941DD68A0777F7FE035F30 /* Pods-reading.debug.xcconfig */,
				57446810A6D11EB7FE3781FD /* Pods-reading.release.xcconfig */,
				AC05ACFE81BDB79450C07C15 /* Pods-reading-readingTests.debug.xcconfig */,
				84C2D4A5AE712CCC376E5734 /* Pods-reading-readingTests.release.xcconfig */,
				0D9D753E4C5EE5242CC6EEDB /* Pods-reading-tvOS.debug.xcconfig */,
				EC5417DBF9513D10040AB8B7 /* Pods-reading-tvOS.release.xcconfig */,
				3A059BE14E76302429A654BB /* Pods-reading-tvOSTests.debug.xcconfig */,
				3EA66A73D0AE9FCB1FC83D2D /* Pods-reading-tvOSTests.release.xcconfig */,
			);
			path = Pods;
			sourceTree = "<group>";
		};
		832341AE1AAA6A7D00B99B32 /* Libraries */ = {
			isa = PBXGroup;
			children = (
			);
			name = Libraries;
			sourceTree = "<group>";
		};
		83CBB9F61A601CBA00E9B192 = {
			isa = PBXGroup;
			children = (
				891E4FD425A3FE9800764192 /* Fonts */,
				13B07FAE1A68108700A75B9A /* reading */,
				832341AE1AAA6A7D00B99B32 /* Libraries */,
				00E356EF1AD99517003FC87E /* readingTests */,
				83CBBA001A601CBA00E9B192 /* Products */,
				2D16E6871FA4F8E400B85C8A /* Frameworks */,
				328D83F633322048BA0FEB2E /* Pods */,
			);
			indentWidth = 2;
			sourceTree = "<group>";
			tabWidth = 2;
			usesTabs = 0;
		};
		83CBBA001A601CBA00E9B192 /* Products */ = {
			isa = PBXGroup;
			children = (
				13B07F961A680F5B00A75B9A /* reading.app */,
				00E356EE1AD99517003FC87E /* readingTests.xctest */,
				2D02E47B1E0B4A5D006451C7 /* reading-tvOS.app */,
				2D02E4901E0B4A5D006451C7 /* reading-tvOSTests.xctest */,
			);
			name = Products;
			sourceTree = "<group>";
		};
		891E4FD425A3FE9800764192 /* Fonts */ = {
			isa = PBXGroup;
			children = (
				891E4FEB25A3FF1200764192 /* AntDesign.ttf */,
				891E4FE525A3FF1100764192 /* Entypo.ttf */,
				891E4FE125A3FF1000764192 /* EvilIcons.ttf */,
				891E4FE425A3FF1100764192 /* Feather.ttf */,
				891E4FDF25A3FF1000764192 /* FontAwesome.ttf */,
				891E4FE325A3FF1100764192 /* FontAwesome5_Brands.ttf */,
				891E4FDD25A3FF1000764192 /* FontAwesome5_Regular.ttf */,
				891E4FDE25A3FF1000764192 /* FontAwesome5_Solid.ttf */,
				891E4FE725A3FF1100764192 /* Fontisto.ttf */,
				891E4FE225A3FF1100764192 /* Foundation.ttf */,
				891E4FEA25A3FF1200764192 /* Ionicons.ttf */,
				891E4FE625A3FF1100764192 /* MaterialCommunityIcons.ttf */,
				891E4FE025A3FF1000764192 /* MaterialIcons.ttf */,
				891E4FEC25A3FF1200764192 /* Octicons.ttf */,
				891E4FE825A3FF1100764192 /* SimpleLineIcons.ttf */,
				891E4FE925A3FF1200764192 /* Zocial.ttf */,
			);
			path = Fonts;
			sourceTree = "<group>";
		};
		895BC03225B5230600E015CC /* RNTPageView */ = {
			isa = PBXGroup;
			children = (
				895BC03325B523B800E015CC /* RNTPageView.swift */,
				895BC03F25B5242100E015CC /* RNTPageViewBridge.m */,
				895BC03925B5240900E015CC /* RNTPageViewManager.swift */,
			);
			path = RNTPageView;
			sourceTree = "<group>";
		};
		8971AD7925C2560F00D29E28 /* Resource */ = {
			isa = PBXGroup;
			children = (
				89E3DD7425C4110E00846BC7 /* map_replay_endPoint@2x.png */,
				89E3DD7A25C4110F00846BC7 /* map_replay_endPoint@3x.png */,
				89E3DD7525C4110F00846BC7 /* map_replay_pause@2x.png */,
				89E3DD7825C4110F00846BC7 /* map_replay_pause@3x.png */,
				89E3DD7925C4110F00846BC7 /* map_replay_play@2x.png */,
				89E3DD7B25C4110F00846BC7 /* map_replay_play@3x.png */,
				89E3DD7625C4110F00846BC7 /* map_replay_startPoint@2x.png */,
				89E3DD7725C4110F00846BC7 /* map_replay_startPoint@3x.png */,
			);
			path = Resource;
			sourceTree = "<group>";
		};
		8985DD4B25B142150003C530 /* RNTTableView */ = {
			isa = PBXGroup;
			children = (
				8985DD4D25B142CC0003C530 /* RNTTableView.swift */,
				8985DD5425B15A7E0003C530 /* RNTTableViewBridge.m */,
				8985DD5A25B15AE00003C530 /* RNTTableViewManager.swift */,
			);
			path = RNTTableView;
			sourceTree = "<group>";
		};
		898AFA6425A6FF5200DF9EAB /* RNTMapkit */ = {
			isa = PBXGroup;
			children = (
				8971AD7925C2560F00D29E28 /* Resource */,
				89AF95C225BE62B70039470C /* MapView */,
				89AF95BD25BE60F90039470C /* Modules */,
				89B8382625C14A2C00F4E032 /* RNTCoordinate.h */,
				89B8382725C14A2C00F4E032 /* RNTCoordinate.m */,
				8971AD8225C2AFFF00D29E28 /* RNTUserLocation.h */,
				8971AD8325C2AFFF00D29E28 /* RNTUserLocation.m */,
				89B8385425C171AD00F4E032 /* RCTConvert+Map.m */,
			);
			path = RNTMapkit;
			sourceTree = "<group>";
		};
		89AF95BD25BE60F90039470C /* Modules */ = {
			isa = PBXGroup;
			children = (
				89B8382125C139A700F4E032 /* Mapview */,
				89F2496E25A7ED8700349A58 /* Location */,
			);
			path = Modules;
			sourceTree = "<group>";
		};
		89AF95C225BE62B70039470C /* MapView */ = {
			isa = PBXGroup;
			children = (
				89AF95CD25BE67000039470C /* RNTMapView.h */,
				89AF95CE25BE67000039470C /* RNTMapView.m */,
				89AF95D425BE678C0039470C /* RNTMapViewManager.m */,
				8971AD6C25C2520400D29E28 /* RNTMarker.h */,
				8971AD6D25C2520400D29E28 /* RNTMarker.m */,
				8971AD7325C2522600D29E28 /* RNTMarkerManager.m */,
				8971AD8925C2B90600D29E28 /* RNTOverlay.h */,
				8971AD8A25C2B90600D29E28 /* RNTOverlay.m */,
				8971AD9025C2BFA400D29E28 /* RNTPolyline.h */,
				8971AD9125C2BFA400D29E28 /* RNTPolyline.m */,
				8971AD9725C2C0E000D29E28 /* RNTPolylineManager.m */,
				8972BCFA25C7F1DD00AD4259 /* RNTPolygon.h */,
				8972BCFB25C7F1DD00AD4259 /* RNTPolygon.m */,
				8972BD0125C7F37600AD4259 /* RNTPolygonManager.m */,
				8972BCEC25C79B8900AD4259 /* RNTGradientPolyline.h */,
				8972BCED25C79B8900AD4259 /* RNTGradientPolyline.m */,
				8972BCF325C79C1B00AD4259 /* RNTGradientPolylineRenderer.h */,
				8972BCF425C79C1B00AD4259 /* RNTGradientPolylineRenderer.m */,
				8972BD0725C7F8EA00AD4259 /* RNTCircle.h */,
				8972BD0825C7F8EA00AD4259 /* RNTCircle.m */,
				8972BD0E25C7F9AA00AD4259 /* RNTCircleManager.m */,
				8972BD1425C7FBA900AD4259 /* RNTHeatMap.h */,
				8972BD1525C7FBA900AD4259 /* RNTHeatMap.m */,
				8972BD1B25C7FC1800AD4259 /* RNTHeatMapManager.m */,
				8972BD2125C7FEDA00AD4259 /* RNTCallout.h */,
				8972BD2225C7FEDA00AD4259 /* RNTCallout.m */,
				8972BD2825C7FF0F00AD4259 /* RNTCalloutManager.m */,
			);
			path = MapView;
			sourceTree = "<group>";
		};
		89B8382125C139A700F4E032 /* Mapview */ = {
			isa = PBXGroup;
			children = (
				89AF95C725BE63780039470C /* RNTInitializerModule.m */,
			);
			path = Mapview;
			sourceTree = "<group>";
		};
		89C9201C25ABF27E0074090D /* RNTScrollView */ = {
			isa = PBXGroup;
			children = (
				89C9206725ABF7FC0074090D /* RNTScrollView.h */,
				89C9206825ABF7FC0074090D /* RNTScrollView.m */,
				89C9206E25ABFAE40074090D /* RNTScrollViewManager.m */,
			);
			path = RNTScrollView;
			sourceTree = "<group>";
		};
		89F2496E25A7ED8700349A58 /* Location */ = {
			isa = PBXGroup;
			children = (
				895BC04525B54E8B00E015CC /* RNTLocationManager.m */,
			);
			path = Location;
			sourceTree = "<group>";
		};
/* End PBXGroup section */

/* Begin PBXNativeTarget section */
		00E356ED1AD99517003FC87E /* readingTests */ = {
			isa = PBXNativeTarget;
			buildConfigurationList = 00E357021AD99517003FC87E /* Build configuration list for PBXNativeTarget "readingTests" */;
			buildPhases = (
				70E0E5654A80F2C7702E335C /* [CP] Check Pods Manifest.lock */,
				00E356EA1AD99517003FC87E /* Sources */,
				00E356EB1AD99517003FC87E /* Frameworks */,
				00E356EC1AD99517003FC87E /* Resources */,
				3EA1B203E94D7778B3E77907 /* [CP] Copy Pods Resources */,
			);
			buildRules = (
			);
			dependencies = (
				00E356F51AD99517003FC87E /* PBXTargetDependency */,
			);
			name = readingTests;
			productName = readingTests;
			productReference = 00E356EE1AD99517003FC87E /* readingTests.xctest */;
			productType = "com.apple.product-type.bundle.unit-test";
		};
		13B07F861A680F5B00A75B9A /* reading */ = {
			isa = PBXNativeTarget;
			buildConfigurationList = 13B07F931A680F5B00A75B9A /* Build configuration list for PBXNativeTarget "reading" */;
			buildPhases = (
				E8BE5F8E20B73624F752C1C1 /* [CP] Check Pods Manifest.lock */,
				FD10A7F022414F080027D42C /* Start Packager */,
				13B07F871A680F5B00A75B9A /* Sources */,
				13B07F8C1A680F5B00A75B9A /* Frameworks */,
				13B07F8E1A680F5B00A75B9A /* Resources */,
				00DD1BFF1BD5951E006B06BC /* Bundle React Native code and images */,
				D009143A6522CD4C0B75E66E /* [CP] Copy Pods Resources */,
			);
			buildRules = (
			);
			dependencies = (
			);
			name = reading;
			productName = reading;
			productReference = 13B07F961A680F5B00A75B9A /* reading.app */;
			productType = "com.apple.product-type.application";
		};
		2D02E47A1E0B4A5D006451C7 /* reading-tvOS */ = {
			isa = PBXNativeTarget;
			buildConfigurationList = 2D02E4BA1E0B4A5E006451C7 /* Build configuration list for PBXNativeTarget "reading-tvOS" */;
			buildPhases = (
				9D990F951908C151AE181970 /* [CP] Check Pods Manifest.lock */,
				FD10A7F122414F3F0027D42C /* Start Packager */,
				2D02E4771E0B4A5D006451C7 /* Sources */,
				2D02E4781E0B4A5D006451C7 /* Frameworks */,
				2D02E4791E0B4A5D006451C7 /* Resources */,
				2D02E4CB1E0B4B27006451C7 /* Bundle React Native Code And Images */,
			);
			buildRules = (
			);
			dependencies = (
			);
			name = "reading-tvOS";
			productName = "reading-tvOS";
			productReference = 2D02E47B1E0B4A5D006451C7 /* reading-tvOS.app */;
			productType = "com.apple.product-type.application";
		};
		2D02E48F1E0B4A5D006451C7 /* reading-tvOSTests */ = {
			isa = PBXNativeTarget;
			buildConfigurationList = 2D02E4BB1E0B4A5E006451C7 /* Build configuration list for PBXNativeTarget "reading-tvOSTests" */;
			buildPhases = (
				FBA63A3145C7433450B942D3 /* [CP] Check Pods Manifest.lock */,
				2D02E48C1E0B4A5D006451C7 /* Sources */,
				2D02E48D1E0B4A5D006451C7 /* Frameworks */,
				2D02E48E1E0B4A5D006451C7 /* Resources */,
			);
			buildRules = (
			);
			dependencies = (
				2D02E4921E0B4A5D006451C7 /* PBXTargetDependency */,
			);
			name = "reading-tvOSTests";
			productName = "reading-tvOSTests";
			productReference = 2D02E4901E0B4A5D006451C7 /* reading-tvOSTests.xctest */;
			productType = "com.apple.product-type.bundle.unit-test";
		};
/* End PBXNativeTarget section */

/* Begin PBXProject section */
		83CBB9F71A601CBA00E9B192 /* Project object */ = {
			isa = PBXProject;
			attributes = {
				LastUpgradeCheck = 1130;
				TargetAttributes = {
					00E356ED1AD99517003FC87E = {
						CreatedOnToolsVersion = 6.2;
						TestTargetID = 13B07F861A680F5B00A75B9A;
					};
					13B07F861A680F5B00A75B9A = {
						DevelopmentTeam = NNLS36S976;
						LastSwiftMigration = 1200;
						ProvisioningStyle = Automatic;
					};
					2D02E47A1E0B4A5D006451C7 = {
						CreatedOnToolsVersion = 8.2.1;
						ProvisioningStyle = Automatic;
					};
					2D02E48F1E0B4A5D006451C7 = {
						CreatedOnToolsVersion = 8.2.1;
						ProvisioningStyle = Automatic;
						TestTargetID = 2D02E47A1E0B4A5D006451C7;
					};
				};
			};
			buildConfigurationList = 83CBB9FA1A601CBA00E9B192 /* Build configuration list for PBXProject "reading" */;
			compatibilityVersion = "Xcode 3.2";
			developmentRegion = en;
			hasScannedForEncodings = 0;
			knownRegions = (
				en,
				Base,
			);
			mainGroup = 83CBB9F61A601CBA00E9B192;
			productRefGroup = 83CBBA001A601CBA00E9B192 /* Products */;
			projectDirPath = "";
			projectRoot = "";
			targets = (
				13B07F861A680F5B00A75B9A /* reading */,
				00E356ED1AD99517003FC87E /* readingTests */,
				2D02E47A1E0B4A5D006451C7 /* reading-tvOS */,
				2D02E48F1E0B4A5D006451C7 /* reading-tvOSTests */,
			);
		};
/* End PBXProject section */

/* Begin PBXResourcesBuildPhase section */
		00E356EC1AD99517003FC87E /* Resources */ = {
			isa = PBXResourcesBuildPhase;
			buildActionMask = 2147483647;
			files = (
			);
			runOnlyForDeploymentPostprocessing = 0;
		};
		13B07F8E1A680F5B00A75B9A /* Resources */ = {
			isa = PBXResourcesBuildPhase;
			buildActionMask = 2147483647;
			files = (
				89E3DD7E25C4111000846BC7 /* map_replay_startPoint@2x.png in Resources */,
				89E3DD8025C4111000846BC7 /* map_replay_pause@3x.png in Resources */,
				89E3DD7C25C4110F00846BC7 /* map_replay_endPoint@2x.png in Resources */,
				89E3DD7D25C4110F00846BC7 /* map_replay_pause@2x.png in Resources */,
				89E3DD7F25C4111000846BC7 /* map_replay_startPoint@3x.png in Resources */,
				81AB9BB82411601600AC10FF /* LaunchScreen.storyboard in Resources */,
				89E3DD8125C4111000846BC7 /* map_replay_play@2x.png in Resources */,
				89E3DD8225C4111000846BC7 /* map_replay_endPoint@3x.png in Resources */,
				13B07FBF1A68108700A75B9A /* Images.xcassets in Resources */,
				89E3DD8325C4111000846BC7 /* map_replay_play@3x.png in Resources */,
			);
			runOnlyForDeploymentPostprocessing = 0;
		};
		2D02E4791E0B4A5D006451C7 /* Resources */ = {
			isa = PBXResourcesBuildPhase;
			buildActionMask = 2147483647;
			files = (
				2D02E4BD1E0B4A84006451C7 /* Images.xcassets in Resources */,
			);
			runOnlyForDeploymentPostprocessing = 0;
		};
		2D02E48E1E0B4A5D006451C7 /* Resources */ = {
			isa = PBXResourcesBuildPhase;
			buildActionMask = 2147483647;
			files = (
			);
			runOnlyForDeploymentPostprocessing = 0;
		};
/* End PBXResourcesBuildPhase section */

/* Begin PBXShellScriptBuildPhase section */
		00DD1BFF1BD5951E006B06BC /* Bundle React Native code and images */ = {
			isa = PBXShellScriptBuildPhase;
			buildActionMask = 2147483647;
			files = (
			);
			inputPaths = (
			);
			name = "Bundle React Native code and images";
			outputPaths = (
			);
			runOnlyForDeploymentPostprocessing = 0;
			shellPath = /bin/sh;
			shellScript = "export NODE_BINARY=node\n../node_modules/react-native/scripts/react-native-xcode.sh";
		};
		2D02E4CB1E0B4B27006451C7 /* Bundle React Native Code And Images */ = {
			isa = PBXShellScriptBuildPhase;
			buildActionMask = 2147483647;
			files = (
			);
			inputPaths = (
			);
			name = "Bundle React Native Code And Images";
			outputPaths = (
			);
			runOnlyForDeploymentPostprocessing = 0;
			shellPath = /bin/sh;
			shellScript = "export NODE_BINARY=node\n../node_modules/react-native/scripts/react-native-xcode.sh";
		};
		3EA1B203E94D7778B3E77907 /* [CP] Copy Pods Resources */ = {
			isa = PBXShellScriptBuildPhase;
			buildActionMask = 2147483647;
			files = (
			);
			inputPaths = (
				"${PODS_ROOT}/Target Support Files/Pods-reading-readingTests/Pods-reading-readingTests-resources.sh",
				"${PODS_ROOT}/BaiduMapKit/BaiduMapKit/BaiduMapAPI_Map.framework/mapapi.bundle",
				"${PODS_ROOT}/../../node_modules/react-native-vector-icons/Fonts/AntDesign.ttf",
				"${PODS_ROOT}/../../node_modules/react-native-vector-icons/Fonts/Entypo.ttf",
				"${PODS_ROOT}/../../node_modules/react-native-vector-icons/Fonts/EvilIcons.ttf",
				"${PODS_ROOT}/../../node_modules/react-native-vector-icons/Fonts/Feather.ttf",
				"${PODS_ROOT}/../../node_modules/react-native-vector-icons/Fonts/FontAwesome.ttf",
				"${PODS_ROOT}/../../node_modules/react-native-vector-icons/Fonts/FontAwesome5_Brands.ttf",
				"${PODS_ROOT}/../../node_modules/react-native-vector-icons/Fonts/FontAwesome5_Regular.ttf",
				"${PODS_ROOT}/../../node_modules/react-native-vector-icons/Fonts/FontAwesome5_Solid.ttf",
				"${PODS_ROOT}/../../node_modules/react-native-vector-icons/Fonts/Fontisto.ttf",
				"${PODS_ROOT}/../../node_modules/react-native-vector-icons/Fonts/Foundation.ttf",
				"${PODS_ROOT}/../../node_modules/react-native-vector-icons/Fonts/Ionicons.ttf",
				"${PODS_ROOT}/../../node_modules/react-native-vector-icons/Fonts/MaterialCommunityIcons.ttf",
				"${PODS_ROOT}/../../node_modules/react-native-vector-icons/Fonts/MaterialIcons.ttf",
				"${PODS_ROOT}/../../node_modules/react-native-vector-icons/Fonts/Octicons.ttf",
				"${PODS_ROOT}/../../node_modules/react-native-vector-icons/Fonts/SimpleLineIcons.ttf",
				"${PODS_ROOT}/../../node_modules/react-native-vector-icons/Fonts/Zocial.ttf",
				"${PODS_CONFIGURATION_BUILD_DIR}/React-Core/AccessibilityResources.bundle",
			);
			name = "[CP] Copy Pods Resources";
			outputPaths = (
				"${TARGET_BUILD_DIR}/${UNLOCALIZED_RESOURCES_FOLDER_PATH}/mapapi.bundle",
				"${TARGET_BUILD_DIR}/${UNLOCALIZED_RESOURCES_FOLDER_PATH}/AntDesign.ttf",
				"${TARGET_BUILD_DIR}/${UNLOCALIZED_RESOURCES_FOLDER_PATH}/Entypo.ttf",
				"${TARGET_BUILD_DIR}/${UNLOCALIZED_RESOURCES_FOLDER_PATH}/EvilIcons.ttf",
				"${TARGET_BUILD_DIR}/${UNLOCALIZED_RESOURCES_FOLDER_PATH}/Feather.ttf",
				"${TARGET_BUILD_DIR}/${UNLOCALIZED_RESOURCES_FOLDER_PATH}/FontAwesome.ttf",
				"${TARGET_BUILD_DIR}/${UNLOCALIZED_RESOURCES_FOLDER_PATH}/FontAwesome5_Brands.ttf",
				"${TARGET_BUILD_DIR}/${UNLOCALIZED_RESOURCES_FOLDER_PATH}/FontAwesome5_Regular.ttf",
				"${TARGET_BUILD_DIR}/${UNLOCALIZED_RESOURCES_FOLDER_PATH}/FontAwesome5_Solid.ttf",
				"${TARGET_BUILD_DIR}/${UNLOCALIZED_RESOURCES_FOLDER_PATH}/Fontisto.ttf",
				"${TARGET_BUILD_DIR}/${UNLOCALIZED_RESOURCES_FOLDER_PATH}/Foundation.ttf",
				"${TARGET_BUILD_DIR}/${UNLOCALIZED_RESOURCES_FOLDER_PATH}/Ionicons.ttf",
				"${TARGET_BUILD_DIR}/${UNLOCALIZED_RESOURCES_FOLDER_PATH}/MaterialCommunityIcons.ttf",
				"${TARGET_BUILD_DIR}/${UNLOCALIZED_RESOURCES_FOLDER_PATH}/MaterialIcons.ttf",
				"${TARGET_BUILD_DIR}/${UNLOCALIZED_RESOURCES_FOLDER_PATH}/Octicons.ttf",
				"${TARGET_BUILD_DIR}/${UNLOCALIZED_RESOURCES_FOLDER_PATH}/SimpleLineIcons.ttf",
				"${TARGET_BUILD_DIR}/${UNLOCALIZED_RESOURCES_FOLDER_PATH}/Zocial.ttf",
				"${TARGET_BUILD_DIR}/${UNLOCALIZED_RESOURCES_FOLDER_PATH}/AccessibilityResources.bundle",
			);
			runOnlyForDeploymentPostprocessing = 0;
			shellPath = /bin/sh;
			shellScript = "\"${PODS_ROOT}/Target Support Files/Pods-reading-readingTests/Pods-reading-readingTests-resources.sh\"\n";
			showEnvVarsInLog = 0;
		};
		70E0E5654A80F2C7702E335C /* [CP] Check Pods Manifest.lock */ = {
			isa = PBXShellScriptBuildPhase;
			buildActionMask = 2147483647;
			files = (
			);
			inputFileListPaths = (
			);
			inputPaths = (
				"${PODS_PODFILE_DIR_PATH}/Podfile.lock",
				"${PODS_ROOT}/Manifest.lock",
			);
			name = "[CP] Check Pods Manifest.lock";
			outputFileListPaths = (
			);
			outputPaths = (
				"$(DERIVED_FILE_DIR)/Pods-reading-readingTests-checkManifestLockResult.txt",
			);
			runOnlyForDeploymentPostprocessing = 0;
			shellPath = /bin/sh;
			shellScript = "diff \"${PODS_PODFILE_DIR_PATH}/Podfile.lock\" \"${PODS_ROOT}/Manifest.lock\" > /dev/null\nif [ $? != 0 ] ; then\n    # print error to STDERR\n    echo \"error: The sandbox is not in sync with the Podfile.lock. Run 'pod install' or update your CocoaPods installation.\" >&2\n    exit 1\nfi\n# This output is used by Xcode 'outputs' to avoid re-running this script phase.\necho \"SUCCESS\" > \"${SCRIPT_OUTPUT_FILE_0}\"\n";
			showEnvVarsInLog = 0;
		};
		9D990F951908C151AE181970 /* [CP] Check Pods Manifest.lock */ = {
			isa = PBXShellScriptBuildPhase;
			buildActionMask = 2147483647;
			files = (
			);
			inputFileListPaths = (
			);
			inputPaths = (
				"${PODS_PODFILE_DIR_PATH}/Podfile.lock",
				"${PODS_ROOT}/Manifest.lock",
			);
			name = "[CP] Check Pods Manifest.lock";
			outputFileListPaths = (
			);
			outputPaths = (
				"$(DERIVED_FILE_DIR)/Pods-reading-tvOS-checkManifestLockResult.txt",
			);
			runOnlyForDeploymentPostprocessing = 0;
			shellPath = /bin/sh;
			shellScript = "diff \"${PODS_PODFILE_DIR_PATH}/Podfile.lock\" \"${PODS_ROOT}/Manifest.lock\" > /dev/null\nif [ $? != 0 ] ; then\n    # print error to STDERR\n    echo \"error: The sandbox is not in sync with the Podfile.lock. Run 'pod install' or update your CocoaPods installation.\" >&2\n    exit 1\nfi\n# This output is used by Xcode 'outputs' to avoid re-running this script phase.\necho \"SUCCESS\" > \"${SCRIPT_OUTPUT_FILE_0}\"\n";
			showEnvVarsInLog = 0;
		};
		D009143A6522CD4C0B75E66E /* [CP] Copy Pods Resources */ = {
			isa = PBXShellScriptBuildPhase;
			buildActionMask = 2147483647;
			files = (
			);
			inputPaths = (
				"${PODS_ROOT}/Target Support Files/Pods-reading/Pods-reading-resources.sh",
				"${PODS_ROOT}/BaiduMapKit/BaiduMapKit/BaiduMapAPI_Map.framework/mapapi.bundle",
				"${PODS_ROOT}/../../node_modules/react-native-vector-icons/Fonts/AntDesign.ttf",
				"${PODS_ROOT}/../../node_modules/react-native-vector-icons/Fonts/Entypo.ttf",
				"${PODS_ROOT}/../../node_modules/react-native-vector-icons/Fonts/EvilIcons.ttf",
				"${PODS_ROOT}/../../node_modules/react-native-vector-icons/Fonts/Feather.ttf",
				"${PODS_ROOT}/../../node_modules/react-native-vector-icons/Fonts/FontAwesome.ttf",
				"${PODS_ROOT}/../../node_modules/react-native-vector-icons/Fonts/FontAwesome5_Brands.ttf",
				"${PODS_ROOT}/../../node_modules/react-native-vector-icons/Fonts/FontAwesome5_Regular.ttf",
				"${PODS_ROOT}/../../node_modules/react-native-vector-icons/Fonts/FontAwesome5_Solid.ttf",
				"${PODS_ROOT}/../../node_modules/react-native-vector-icons/Fonts/Fontisto.ttf",
				"${PODS_ROOT}/../../node_modules/react-native-vector-icons/Fonts/Foundation.ttf",
				"${PODS_ROOT}/../../node_modules/react-native-vector-icons/Fonts/Ionicons.ttf",
				"${PODS_ROOT}/../../node_modules/react-native-vector-icons/Fonts/MaterialCommunityIcons.ttf",
				"${PODS_ROOT}/../../node_modules/react-native-vector-icons/Fonts/MaterialIcons.ttf",
				"${PODS_ROOT}/../../node_modules/react-native-vector-icons/Fonts/Octicons.ttf",
				"${PODS_ROOT}/../../node_modules/react-native-vector-icons/Fonts/SimpleLineIcons.ttf",
				"${PODS_ROOT}/../../node_modules/react-native-vector-icons/Fonts/Zocial.ttf",
				"${PODS_CONFIGURATION_BUILD_DIR}/React-Core/AccessibilityResources.bundle",
			);
			name = "[CP] Copy Pods Resources";
			outputPaths = (
				"${TARGET_BUILD_DIR}/${UNLOCALIZED_RESOURCES_FOLDER_PATH}/mapapi.bundle",
				"${TARGET_BUILD_DIR}/${UNLOCALIZED_RESOURCES_FOLDER_PATH}/AntDesign.ttf",
				"${TARGET_BUILD_DIR}/${UNLOCALIZED_RESOURCES_FOLDER_PATH}/Entypo.ttf",
				"${TARGET_BUILD_DIR}/${UNLOCALIZED_RESOURCES_FOLDER_PATH}/EvilIcons.ttf",
				"${TARGET_BUILD_DIR}/${UNLOCALIZED_RESOURCES_FOLDER_PATH}/Feather.ttf",
				"${TARGET_BUILD_DIR}/${UNLOCALIZED_RESOURCES_FOLDER_PATH}/FontAwesome.ttf",
				"${TARGET_BUILD_DIR}/${UNLOCALIZED_RESOURCES_FOLDER_PATH}/FontAwesome5_Brands.ttf",
				"${TARGET_BUILD_DIR}/${UNLOCALIZED_RESOURCES_FOLDER_PATH}/FontAwesome5_Regular.ttf",
				"${TARGET_BUILD_DIR}/${UNLOCALIZED_RESOURCES_FOLDER_PATH}/FontAwesome5_Solid.ttf",
				"${TARGET_BUILD_DIR}/${UNLOCALIZED_RESOURCES_FOLDER_PATH}/Fontisto.ttf",
				"${TARGET_BUILD_DIR}/${UNLOCALIZED_RESOURCES_FOLDER_PATH}/Foundation.ttf",
				"${TARGET_BUILD_DIR}/${UNLOCALIZED_RESOURCES_FOLDER_PATH}/Ionicons.ttf",
				"${TARGET_BUILD_DIR}/${UNLOCALIZED_RESOURCES_FOLDER_PATH}/MaterialCommunityIcons.ttf",
				"${TARGET_BUILD_DIR}/${UNLOCALIZED_RESOURCES_FOLDER_PATH}/MaterialIcons.ttf",
				"${TARGET_BUILD_DIR}/${UNLOCALIZED_RESOURCES_FOLDER_PATH}/Octicons.ttf",
				"${TARGET_BUILD_DIR}/${UNLOCALIZED_RESOURCES_FOLDER_PATH}/SimpleLineIcons.ttf",
				"${TARGET_BUILD_DIR}/${UNLOCALIZED_RESOURCES_FOLDER_PATH}/Zocial.ttf",
				"${TARGET_BUILD_DIR}/${UNLOCALIZED_RESOURCES_FOLDER_PATH}/AccessibilityResources.bundle",
			);
			runOnlyForDeploymentPostprocessing = 0;
			shellPath = /bin/sh;
			shellScript = "\"${PODS_ROOT}/Target Support Files/Pods-reading/Pods-reading-resources.sh\"\n";
			showEnvVarsInLog = 0;
		};
		E8BE5F8E20B73624F752C1C1 /* [CP] Check Pods Manifest.lock */ = {
			isa = PBXShellScriptBuildPhase;
			buildActionMask = 2147483647;
			files = (
			);
			inputFileListPaths = (
			);
			inputPaths = (
				"${PODS_PODFILE_DIR_PATH}/Podfile.lock",
				"${PODS_ROOT}/Manifest.lock",
			);
			name = "[CP] Check Pods Manifest.lock";
			outputFileListPaths = (
			);
			outputPaths = (
				"$(DERIVED_FILE_DIR)/Pods-reading-checkManifestLockResult.txt",
			);
			runOnlyForDeploymentPostprocessing = 0;
			shellPath = /bin/sh;
			shellScript = "diff \"${PODS_PODFILE_DIR_PATH}/Podfile.lock\" \"${PODS_ROOT}/Manifest.lock\" > /dev/null\nif [ $? != 0 ] ; then\n    # print error to STDERR\n    echo \"error: The sandbox is not in sync with the Podfile.lock. Run 'pod install' or update your CocoaPods installation.\" >&2\n    exit 1\nfi\n# This output is used by Xcode 'outputs' to avoid re-running this script phase.\necho \"SUCCESS\" > \"${SCRIPT_OUTPUT_FILE_0}\"\n";
			showEnvVarsInLog = 0;
		};
		FBA63A3145C7433450B942D3 /* [CP] Check Pods Manifest.lock */ = {
			isa = PBXShellScriptBuildPhase;
			buildActionMask = 2147483647;
			files = (
			);
			inputFileListPaths = (
			);
			inputPaths = (
				"${PODS_PODFILE_DIR_PATH}/Podfile.lock",
				"${PODS_ROOT}/Manifest.lock",
			);
			name = "[CP] Check Pods Manifest.lock";
			outputFileListPaths = (
			);
			outputPaths = (
				"$(DERIVED_FILE_DIR)/Pods-reading-tvOSTests-checkManifestLockResult.txt",
			);
			runOnlyForDeploymentPostprocessing = 0;
			shellPath = /bin/sh;
			shellScript = "diff \"${PODS_PODFILE_DIR_PATH}/Podfile.lock\" \"${PODS_ROOT}/Manifest.lock\" > /dev/null\nif [ $? != 0 ] ; then\n    # print error to STDERR\n    echo \"error: The sandbox is not in sync with the Podfile.lock. Run 'pod install' or update your CocoaPods installation.\" >&2\n    exit 1\nfi\n# This output is used by Xcode 'outputs' to avoid re-running this script phase.\necho \"SUCCESS\" > \"${SCRIPT_OUTPUT_FILE_0}\"\n";
			showEnvVarsInLog = 0;
		};
		FD10A7F022414F080027D42C /* Start Packager */ = {
			isa = PBXShellScriptBuildPhase;
			buildActionMask = 2147483647;
			files = (
			);
			inputFileListPaths = (
			);
			inputPaths = (
			);
			name = "Start Packager";
			outputFileListPaths = (
			);
			outputPaths = (
			);
			runOnlyForDeploymentPostprocessing = 0;
			shellPath = /bin/sh;
			shellScript = "export RCT_METRO_PORT=\"${RCT_METRO_PORT:=8081}\"\necho \"export RCT_METRO_PORT=${RCT_METRO_PORT}\" > \"${SRCROOT}/../node_modules/react-native/scripts/.packager.env\"\nif [ -z \"${RCT_NO_LAUNCH_PACKAGER+xxx}\" ] ; then\n  if nc -w 5 -z localhost ${RCT_METRO_PORT} ; then\n    if ! curl -s \"http://localhost:${RCT_METRO_PORT}/status\" | grep -q \"packager-status:running\" ; then\n      echo \"Port ${RCT_METRO_PORT} already in use, packager is either not running or not running correctly\"\n      exit 2\n    fi\n  else\n    open \"$SRCROOT/../node_modules/react-native/scripts/launchPackager.command\" || echo \"Can't start packager automatically\"\n  fi\nfi\n";
			showEnvVarsInLog = 0;
		};
		FD10A7F122414F3F0027D42C /* Start Packager */ = {
			isa = PBXShellScriptBuildPhase;
			buildActionMask = 2147483647;
			files = (
			);
			inputFileListPaths = (
			);
			inputPaths = (
			);
			name = "Start Packager";
			outputFileListPaths = (
			);
			outputPaths = (
			);
			runOnlyForDeploymentPostprocessing = 0;
			shellPath = /bin/sh;
			shellScript = "export RCT_METRO_PORT=\"${RCT_METRO_PORT:=8081}\"\necho \"export RCT_METRO_PORT=${RCT_METRO_PORT}\" > \"${SRCROOT}/../node_modules/react-native/scripts/.packager.env\"\nif [ -z \"${RCT_NO_LAUNCH_PACKAGER+xxx}\" ] ; then\n  if nc -w 5 -z localhost ${RCT_METRO_PORT} ; then\n    if ! curl -s \"http://localhost:${RCT_METRO_PORT}/status\" | grep -q \"packager-status:running\" ; then\n      echo \"Port ${RCT_METRO_PORT} already in use, packager is either not running or not running correctly\"\n      exit 2\n    fi\n  else\n    open \"$SRCROOT/../node_modules/react-native/scripts/launchPackager.command\" || echo \"Can't start packager automatically\"\n  fi\nfi\n";
			showEnvVarsInLog = 0;
		};
/* End PBXShellScriptBuildPhase section */

/* Begin PBXSourcesBuildPhase section */
		00E356EA1AD99517003FC87E /* Sources */ = {
			isa = PBXSourcesBuildPhase;
			buildActionMask = 2147483647;
			files = (
				00E356F31AD99517003FC87E /* readingTests.m in Sources */,
			);
			runOnlyForDeploymentPostprocessing = 0;
		};
		13B07F871A680F5B00A75B9A /* Sources */ = {
			isa = PBXSourcesBuildPhase;
			buildActionMask = 2147483647;
			files = (
				895BC03A25B5240900E015CC /* RNTPageViewManager.swift in Sources */,
				8971AD8B25C2B90600D29E28 /* RNTOverlay.m in Sources */,
				8972BD0F25C7F9AA00AD4259 /* RNTCircleManager.m in Sources */,
				89AF95CF25BE67000039470C /* RNTMapView.m in Sources */,
				8985DD5525B15A7E0003C530 /* RNTTableViewBridge.m in Sources */,
				8972BD1C25C7FC1800AD4259 /* RNTHeatMapManager.m in Sources */,
				895BC04625B54E8B00E015CC /* RNTLocationManager.m in Sources */,
				8972BCEE25C79B8900AD4259 /* RNTGradientPolyline.m in Sources */,
				89B8382825C14A2C00F4E032 /* RNTCoordinate.m in Sources */,
				89B8385525C171AD00F4E032 /* RCTConvert+Map.m in Sources */,
				8971AD9225C2BFA400D29E28 /* RNTPolyline.m in Sources */,
				89AF95D525BE678C0039470C /* RNTMapViewManager.m in Sources */,
				895BC04025B5242100E015CC /* RNTPageViewBridge.m in Sources */,
				8971AD7425C2522600D29E28 /* RNTMarkerManager.m in Sources */,
				8972BD2325C7FEDA00AD4259 /* RNTCallout.m in Sources */,
				13B07FBC1A68108700A75B9A /* AppDelegate.m in Sources */,
				8972BCF525C79C1B00AD4259 /* RNTGradientPolylineRenderer.m in Sources */,
				8972BD2925C7FF0F00AD4259 /* RNTCalloutManager.m in Sources */,
				8972BD0925C7F8EA00AD4259 /* RNTCircle.m in Sources */,
				89C9206925ABF7FC0074090D /* RNTScrollView.m in Sources */,
				8972BD0225C7F37600AD4259 /* RNTPolygonManager.m in Sources */,
				13B07FC11A68108700A75B9A /* main.m in Sources */,
				895BC03425B523B800E015CC /* RNTPageView.swift in Sources */,
				8985DD4E25B142CC0003C530 /* RNTTableView.swift in Sources */,
				8971AD9825C2C0E000D29E28 /* RNTPolylineManager.m in Sources */,
				8971AD6E25C2520400D29E28 /* RNTMarker.m in Sources */,
				89C9206F25ABFAE40074090D /* RNTScrollViewManager.m in Sources */,
				8971AD8425C2AFFF00D29E28 /* RNTUserLocation.m in Sources */,
				8985DD5B25B15AE00003C530 /* RNTTableViewManager.swift in Sources */,
				8972BD1625C7FBA900AD4259 /* RNTHeatMap.m in Sources */,
				8972BCFC25C7F1DE00AD4259 /* RNTPolygon.m in Sources */,
				89AF95C825BE63780039470C /* RNTInitializerModule.m in Sources */,
			);
			runOnlyForDeploymentPostprocessing = 0;
		};
		2D02E4771E0B4A5D006451C7 /* Sources */ = {
			isa = PBXSourcesBuildPhase;
			buildActionMask = 2147483647;
			files = (
				2D02E4BF1E0B4AB3006451C7 /* main.m in Sources */,
				2D02E4BC1E0B4A80006451C7 /* AppDelegate.m in Sources */,
			);
			runOnlyForDeploymentPostprocessing = 0;
		};
		2D02E48C1E0B4A5D006451C7 /* Sources */ = {
			isa = PBXSourcesBuildPhase;
			buildActionMask = 2147483647;
			files = (
				2DCD954D1E0B4F2C00145EB5 /* readingTests.m in Sources */,
			);
			runOnlyForDeploymentPostprocessing = 0;
		};
/* End PBXSourcesBuildPhase section */

/* Begin PBXTargetDependency section */
		00E356F51AD99517003FC87E /* PBXTargetDependency */ = {
			isa = PBXTargetDependency;
			target = 13B07F861A680F5B00A75B9A /* reading */;
			targetProxy = 00E356F41AD99517003FC87E /* PBXContainerItemProxy */;
		};
		2D02E4921E0B4A5D006451C7 /* PBXTargetDependency */ = {
			isa = PBXTargetDependency;
			target = 2D02E47A1E0B4A5D006451C7 /* reading-tvOS */;
			targetProxy = 2D02E4911E0B4A5D006451C7 /* PBXContainerItemProxy */;
		};
/* End PBXTargetDependency section */

/* Begin XCBuildConfiguration section */
		00E356F61AD99517003FC87E /* Debug */ = {
			isa = XCBuildConfiguration;
			baseConfigurationReference = AC05ACFE81BDB79450C07C15 /* Pods-reading-readingTests.debug.xcconfig */;
			buildSettings = {
				ALWAYS_EMBED_SWIFT_STANDARD_LIBRARIES = YES;
				BUNDLE_LOADER = "$(TEST_HOST)";
				GCC_PREPROCESSOR_DEFINITIONS = (
					"DEBUG=1",
					"$(inherited)",
				);
				INFOPLIST_FILE = readingTests/Info.plist;
				IPHONEOS_DEPLOYMENT_TARGET = 10.0;
				LD_RUNPATH_SEARCH_PATHS = "$(inherited) @executable_path/Frameworks @loader_path/Frameworks";
				OTHER_LDFLAGS = (
					"-ObjC",
					"-lc++",
					"$(inherited)",
				);
				PRODUCT_BUNDLE_IDENTIFIER = "org.reactjs.native.example.$(PRODUCT_NAME:rfc1034identifier)";
				PRODUCT_NAME = "$(TARGET_NAME)";
				TEST_HOST = "$(BUILT_PRODUCTS_DIR)/reading.app/reading";
			};
			name = Debug;
		};
		00E356F71AD99517003FC87E /* Release */ = {
			isa = XCBuildConfiguration;
			baseConfigurationReference = 84C2D4A5AE712CCC376E5734 /* Pods-reading-readingTests.release.xcconfig */;
			buildSettings = {
				ALWAYS_EMBED_SWIFT_STANDARD_LIBRARIES = YES;
				BUNDLE_LOADER = "$(TEST_HOST)";
				COPY_PHASE_STRIP = NO;
				INFOPLIST_FILE = readingTests/Info.plist;
				IPHONEOS_DEPLOYMENT_TARGET = 10.0;
				LD_RUNPATH_SEARCH_PATHS = "$(inherited) @executable_path/Frameworks @loader_path/Frameworks";
				OTHER_LDFLAGS = (
					"-ObjC",
					"-lc++",
					"$(inherited)",
				);
				PRODUCT_BUNDLE_IDENTIFIER = "org.reactjs.native.example.$(PRODUCT_NAME:rfc1034identifier)";
				PRODUCT_NAME = "$(TARGET_NAME)";
				TEST_HOST = "$(BUILT_PRODUCTS_DIR)/reading.app/reading";
			};
			name = Release;
		};
		13B07F941A680F5B00A75B9A /* Debug */ = {
			isa = XCBuildConfiguration;
			baseConfigurationReference = B0941DD68A0777F7FE035F30 /* Pods-reading.debug.xcconfig */;
			buildSettings = {
				ASSETCATALOG_COMPILER_APPICON_NAME = AppIcon;
				ASSETCATALOG_COMPILER_LAUNCHIMAGE_NAME = LaunchImage;
				CLANG_ENABLE_MODULES = YES;
				CODE_SIGN_IDENTITY = "Apple Development";
				CODE_SIGN_STYLE = Automatic;
				CURRENT_PROJECT_VERSION = 1;
				DEVELOPMENT_TEAM = NNLS36S976;
				ENABLE_BITCODE = NO;
				INFOPLIST_FILE = reading/Info.plist;
				LD_RUNPATH_SEARCH_PATHS = "$(inherited) @executable_path/Frameworks";
				OTHER_LDFLAGS = (
					"$(inherited)",
					"-ObjC",
					"-lc++",
				);
				PRODUCT_BUNDLE_IDENTIFIER = org.reactjs.native.example.readings;
				PRODUCT_NAME = reading;
				PROVISIONING_PROFILE_SPECIFIER = "";
				SWIFT_OBJC_BRIDGING_HEADER = "reading/reading-Bridging-Header.h";
				SWIFT_OPTIMIZATION_LEVEL = "-Onone";
				SWIFT_VERSION = 5.0;
				VERSIONING_SYSTEM = "apple-generic";
			};
			name = Debug;
		};
		13B07F951A680F5B00A75B9A /* Release */ = {
			isa = XCBuildConfiguration;
			baseConfigurationReference = 57446810A6D11EB7FE3781FD /* Pods-reading.release.xcconfig */;
			buildSettings = {
				ASSETCATALOG_COMPILER_APPICON_NAME = AppIcon;
				ASSETCATALOG_COMPILER_LAUNCHIMAGE_NAME = LaunchImage;
				CLANG_ENABLE_MODULES = YES;
				CURRENT_PROJECT_VERSION = 1;
				DEVELOPMENT_TEAM = NNLS36S976;
				INFOPLIST_FILE = reading/Info.plist;
				LD_RUNPATH_SEARCH_PATHS = "$(inherited) @executable_path/Frameworks";
				OTHER_LDFLAGS = (
					"$(inherited)",
					"-ObjC",
					"-lc++",
				);
				PRODUCT_BUNDLE_IDENTIFIER = org.reactjs.native.example.readings;
				PRODUCT_NAME = reading;
				SWIFT_OBJC_BRIDGING_HEADER = "reading/reading-Bridging-Header.h";
				SWIFT_VERSION = 5.0;
				VERSIONING_SYSTEM = "apple-generic";
			};
			name = Release;
		};
		2D02E4971E0B4A5E006451C7 /* Debug */ = {
			isa = XCBuildConfiguration;
			baseConfigurationReference = 0D9D753E4C5EE5242CC6EEDB /* Pods-reading-tvOS.debug.xcconfig */;
			buildSettings = {
				ASSETCATALOG_COMPILER_APPICON_NAME = "App Icon & Top Shelf Image";
				ASSETCATALOG_COMPILER_LAUNCHIMAGE_NAME = LaunchImage;
				CLANG_ANALYZER_NONNULL = YES;
				CLANG_WARN_DOCUMENTATION_COMMENTS = YES;
				CLANG_WARN_INFINITE_RECURSION = YES;
				CLANG_WARN_SUSPICIOUS_MOVE = YES;
				DEBUG_INFORMATION_FORMAT = dwarf;
				ENABLE_TESTABILITY = YES;
				GCC_NO_COMMON_BLOCKS = YES;
				INFOPLIST_FILE = "reading-tvOS/Info.plist";
				LD_RUNPATH_SEARCH_PATHS = "$(inherited) @executable_path/Frameworks";
				OTHER_LDFLAGS = (
					"$(inherited)",
					"-ObjC",
					"-lc++",
				);
				PRODUCT_BUNDLE_IDENTIFIER = "org.reactjs.native.example.reading-tvOS";
				PRODUCT_NAME = "$(TARGET_NAME)";
				SDKROOT = appletvos;
				TARGETED_DEVICE_FAMILY = 3;
				TVOS_DEPLOYMENT_TARGET = 10.0;
			};
			name = Debug;
		};
		2D02E4981E0B4A5E006451C7 /* Release */ = {
			isa = XCBuildConfiguration;
			baseConfigurationReference = EC5417DBF9513D10040AB8B7 /* Pods-reading-tvOS.release.xcconfig */;
			buildSettings = {
				ASSETCATALOG_COMPILER_APPICON_NAME = "App Icon & Top Shelf Image";
				ASSETCATALOG_COMPILER_LAUNCHIMAGE_NAME = LaunchImage;
				CLANG_ANALYZER_NONNULL = YES;
				CLANG_WARN_DOCUMENTATION_COMMENTS = YES;
				CLANG_WARN_INFINITE_RECURSION = YES;
				CLANG_WARN_SUSPICIOUS_MOVE = YES;
				COPY_PHASE_STRIP = NO;
				DEBUG_INFORMATION_FORMAT = "dwarf-with-dsym";
				GCC_NO_COMMON_BLOCKS = YES;
				INFOPLIST_FILE = "reading-tvOS/Info.plist";
				LD_RUNPATH_SEARCH_PATHS = "$(inherited) @executable_path/Frameworks";
				OTHER_LDFLAGS = (
					"$(inherited)",
					"-ObjC",
					"-lc++",
				);
				PRODUCT_BUNDLE_IDENTIFIER = "org.reactjs.native.example.reading-tvOS";
				PRODUCT_NAME = "$(TARGET_NAME)";
				SDKROOT = appletvos;
				TARGETED_DEVICE_FAMILY = 3;
				TVOS_DEPLOYMENT_TARGET = 10.0;
			};
			name = Release;
		};
		2D02E4991E0B4A5E006451C7 /* Debug */ = {
			isa = XCBuildConfiguration;
			baseConfigurationReference = 3A059BE14E76302429A654BB /* Pods-reading-tvOSTests.debug.xcconfig */;
			buildSettings = {
				BUNDLE_LOADER = "$(TEST_HOST)";
				CLANG_ANALYZER_NONNULL = YES;
				CLANG_WARN_DOCUMENTATION_COMMENTS = YES;
				CLANG_WARN_INFINITE_RECURSION = YES;
				CLANG_WARN_SUSPICIOUS_MOVE = YES;
				DEBUG_INFORMATION_FORMAT = dwarf;
				ENABLE_TESTABILITY = YES;
				GCC_NO_COMMON_BLOCKS = YES;
				INFOPLIST_FILE = "reading-tvOSTests/Info.plist";
				LD_RUNPATH_SEARCH_PATHS = "$(inherited) @executable_path/Frameworks @loader_path/Frameworks";
				OTHER_LDFLAGS = (
					"$(inherited)",
					"-ObjC",
					"-lc++",
				);
				PRODUCT_BUNDLE_IDENTIFIER = "org.reactjs.native.example.reading-tvOSTests";
				PRODUCT_NAME = "$(TARGET_NAME)";
				SDKROOT = appletvos;
				TEST_HOST = "$(BUILT_PRODUCTS_DIR)/reading-tvOS.app/reading-tvOS";
				TVOS_DEPLOYMENT_TARGET = 10.1;
			};
			name = Debug;
		};
		2D02E49A1E0B4A5E006451C7 /* Release */ = {
			isa = XCBuildConfiguration;
			baseConfigurationReference = 3EA66A73D0AE9FCB1FC83D2D /* Pods-reading-tvOSTests.release.xcconfig */;
			buildSettings = {
				BUNDLE_LOADER = "$(TEST_HOST)";
				CLANG_ANALYZER_NONNULL = YES;
				CLANG_WARN_DOCUMENTATION_COMMENTS = YES;
				CLANG_WARN_INFINITE_RECURSION = YES;
				CLANG_WARN_SUSPICIOUS_MOVE = YES;
				COPY_PHASE_STRIP = NO;
				DEBUG_INFORMATION_FORMAT = "dwarf-with-dsym";
				GCC_NO_COMMON_BLOCKS = YES;
				INFOPLIST_FILE = "reading-tvOSTests/Info.plist";
				LD_RUNPATH_SEARCH_PATHS = "$(inherited) @executable_path/Frameworks @loader_path/Frameworks";
				OTHER_LDFLAGS = (
					"$(inherited)",
					"-ObjC",
					"-lc++",
				);
				PRODUCT_BUNDLE_IDENTIFIER = "org.reactjs.native.example.reading-tvOSTests";
				PRODUCT_NAME = "$(TARGET_NAME)";
				SDKROOT = appletvos;
				TEST_HOST = "$(BUILT_PRODUCTS_DIR)/reading-tvOS.app/reading-tvOS";
				TVOS_DEPLOYMENT_TARGET = 10.1;
			};
			name = Release;
		};
		83CBBA201A601CBA00E9B192 /* Debug */ = {
			isa = XCBuildConfiguration;
			buildSettings = {
				ALWAYS_SEARCH_USER_PATHS = NO;
				CLANG_ANALYZER_LOCALIZABILITY_NONLOCALIZED = YES;
				CLANG_CXX_LANGUAGE_STANDARD = "gnu++0x";
				CLANG_CXX_LIBRARY = "libc++";
				CLANG_ENABLE_MODULES = YES;
				CLANG_ENABLE_OBJC_ARC = YES;
				CLANG_WARN_BLOCK_CAPTURE_AUTORELEASING = YES;
				CLANG_WARN_BOOL_CONVERSION = YES;
				CLANG_WARN_COMMA = YES;
				CLANG_WARN_CONSTANT_CONVERSION = YES;
				CLANG_WARN_DEPRECATED_OBJC_IMPLEMENTATIONS = YES;
				CLANG_WARN_DIRECT_OBJC_ISA_USAGE = YES_ERROR;
				CLANG_WARN_EMPTY_BODY = YES;
				CLANG_WARN_ENUM_CONVERSION = YES;
				CLANG_WARN_INFINITE_RECURSION = YES;
				CLANG_WARN_INT_CONVERSION = YES;
				CLANG_WARN_NON_LITERAL_NULL_CONVERSION = YES;
				CLANG_WARN_OBJC_IMPLICIT_RETAIN_SELF = YES;
				CLANG_WARN_OBJC_LITERAL_CONVERSION = YES;
				CLANG_WARN_OBJC_ROOT_CLASS = YES_ERROR;
				CLANG_WARN_RANGE_LOOP_ANALYSIS = YES;
				CLANG_WARN_STRICT_PROTOTYPES = YES;
				CLANG_WARN_SUSPICIOUS_MOVE = YES;
				CLANG_WARN_UNREACHABLE_CODE = YES;
				CLANG_WARN__DUPLICATE_METHOD_MATCH = YES;
				"CODE_SIGN_IDENTITY[sdk=iphoneos*]" = "iPhone Developer";
				COPY_PHASE_STRIP = NO;
				ENABLE_STRICT_OBJC_MSGSEND = YES;
				ENABLE_TESTABILITY = YES;
				GCC_C_LANGUAGE_STANDARD = gnu99;
				GCC_DYNAMIC_NO_PIC = NO;
				GCC_NO_COMMON_BLOCKS = YES;
				GCC_OPTIMIZATION_LEVEL = 0;
				GCC_PREPROCESSOR_DEFINITIONS = (
					"DEBUG=1",
					"$(inherited)",
				);
				GCC_SYMBOLS_PRIVATE_EXTERN = NO;
				GCC_WARN_64_TO_32_BIT_CONVERSION = YES;
				GCC_WARN_ABOUT_RETURN_TYPE = YES_ERROR;
				GCC_WARN_UNDECLARED_SELECTOR = YES;
				GCC_WARN_UNINITIALIZED_AUTOS = YES_AGGRESSIVE;
				GCC_WARN_UNUSED_FUNCTION = YES;
				GCC_WARN_UNUSED_VARIABLE = YES;
				IPHONEOS_DEPLOYMENT_TARGET = 10.0;
				LD_RUNPATH_SEARCH_PATHS = "/usr/lib/swift $(inherited)";
				LIBRARY_SEARCH_PATHS = (
					"\"$(TOOLCHAIN_DIR)/usr/lib/swift/$(PLATFORM_NAME)\"",
					"\"$(TOOLCHAIN_DIR)/usr/lib/swift-5.0/$(PLATFORM_NAME)\"",
					"\"$(inherited)\"",
				);
				MTL_ENABLE_DEBUG_INFO = YES;
				ONLY_ACTIVE_ARCH = YES;
				SDKROOT = iphoneos;
			};
			name = Debug;
		};
		83CBBA211A601CBA00E9B192 /* Release */ = {
			isa = XCBuildConfiguration;
			buildSettings = {
				ALWAYS_SEARCH_USER_PATHS = NO;
				CLANG_ANALYZER_LOCALIZABILITY_NONLOCALIZED = YES;
				CLANG_CXX_LANGUAGE_STANDARD = "gnu++0x";
				CLANG_CXX_LIBRARY = "libc++";
				CLANG_ENABLE_MODULES = YES;
				CLANG_ENABLE_OBJC_ARC = YES;
				CLANG_WARN_BLOCK_CAPTURE_AUTORELEASING = YES;
				CLANG_WARN_BOOL_CONVERSION = YES;
				CLANG_WARN_COMMA = YES;
				CLANG_WARN_CONSTANT_CONVERSION = YES;
				CLANG_WARN_DEPRECATED_OBJC_IMPLEMENTATIONS = YES;
				CLANG_WARN_DIRECT_OBJC_ISA_USAGE = YES_ERROR;
				CLANG_WARN_EMPTY_BODY = YES;
				CLANG_WARN_ENUM_CONVERSION = YES;
				CLANG_WARN_INFINITE_RECURSION = YES;
				CLANG_WARN_INT_CONVERSION = YES;
				CLANG_WARN_NON_LITERAL_NULL_CONVERSION = YES;
				CLANG_WARN_OBJC_IMPLICIT_RETAIN_SELF = YES;
				CLANG_WARN_OBJC_LITERAL_CONVERSION = YES;
				CLANG_WARN_OBJC_ROOT_CLASS = YES_ERROR;
				CLANG_WARN_RANGE_LOOP_ANALYSIS = YES;
				CLANG_WARN_STRICT_PROTOTYPES = YES;
				CLANG_WARN_SUSPICIOUS_MOVE = YES;
				CLANG_WARN_UNREACHABLE_CODE = YES;
				CLANG_WARN__DUPLICATE_METHOD_MATCH = YES;
				"CODE_SIGN_IDENTITY[sdk=iphoneos*]" = "iPhone Developer";
				COPY_PHASE_STRIP = YES;
				ENABLE_NS_ASSERTIONS = NO;
				ENABLE_STRICT_OBJC_MSGSEND = YES;
				GCC_C_LANGUAGE_STANDARD = gnu99;
				GCC_NO_COMMON_BLOCKS = YES;
				GCC_WARN_64_TO_32_BIT_CONVERSION = YES;
				GCC_WARN_ABOUT_RETURN_TYPE = YES_ERROR;
				GCC_WARN_UNDECLARED_SELECTOR = YES;
				GCC_WARN_UNINITIALIZED_AUTOS = YES_AGGRESSIVE;
				GCC_WARN_UNUSED_FUNCTION = YES;
				GCC_WARN_UNUSED_VARIABLE = YES;
				IPHONEOS_DEPLOYMENT_TARGET = 10.0;
				LD_RUNPATH_SEARCH_PATHS = "/usr/lib/swift $(inherited)";
				LIBRARY_SEARCH_PATHS = (
					"\"$(TOOLCHAIN_DIR)/usr/lib/swift/$(PLATFORM_NAME)\"",
					"\"$(TOOLCHAIN_DIR)/usr/lib/swift-5.0/$(PLATFORM_NAME)\"",
					"\"$(inherited)\"",
				);
				MTL_ENABLE_DEBUG_INFO = NO;
				SDKROOT = iphoneos;
				VALIDATE_PRODUCT = YES;
			};
			name = Release;
		};
/* End XCBuildConfiguration section */

/* Begin XCConfigurationList section */
		00E357021AD99517003FC87E /* Build configuration list for PBXNativeTarget "readingTests" */ = {
			isa = XCConfigurationList;
			buildConfigurations = (
				00E356F61AD99517003FC87E /* Debug */,
				00E356F71AD99517003FC87E /* Release */,
			);
			defaultConfigurationIsVisible = 0;
			defaultConfigurationName = Release;
		};
		13B07F931A680F5B00A75B9A /* Build configuration list for PBXNativeTarget "reading" */ = {
			isa = XCConfigurationList;
			buildConfigurations = (
				13B07F941A680F5B00A75B9A /* Debug */,
				13B07F951A680F5B00A75B9A /* Release */,
			);
			defaultConfigurationIsVisible = 0;
			defaultConfigurationName = Release;
		};
		2D02E4BA1E0B4A5E006451C7 /* Build configuration list for PBXNativeTarget "reading-tvOS" */ = {
			isa = XCConfigurationList;
			buildConfigurations = (
				2D02E4971E0B4A5E006451C7 /* Debug */,
				2D02E4981E0B4A5E006451C7 /* Release */,
			);
			defaultConfigurationIsVisible = 0;
			defaultConfigurationName = Release;
		};
		2D02E4BB1E0B4A5E006451C7 /* Build configuration list for PBXNativeTarget "reading-tvOSTests" */ = {
			isa = XCConfigurationList;
			buildConfigurations = (
				2D02E4991E0B4A5E006451C7 /* Debug */,
				2D02E49A1E0B4A5E006451C7 /* Release */,
			);
			defaultConfigurationIsVisible = 0;
			defaultConfigurationName = Release;
		};
		83CBB9FA1A601CBA00E9B192 /* Build configuration list for PBXProject "reading" */ = {
			isa = XCConfigurationList;
			buildConfigurations = (
				83CBBA201A601CBA00E9B192 /* Debug */,
				83CBBA211A601CBA00E9B192 /* Release */,
			);
			defaultConfigurationIsVisible = 0;
			defaultConfigurationName = Release;
		};
/* End XCConfigurationList section */
	};
	rootObject = 83CBB9F71A601CBA00E9B192 /* Project object */;
}
